
Microsoft Visual Studio Solution File, Format Version 12.00
# Visual Studio 15
VisualStudioVersion = 15.0.27130.2010
MinimumVisualStudioVersion = 10.0.40219.1
Project("{FAE04EC0-301F-11D3-BF4B-00C04F79EFBC}") = "AsmResolver", "AsmResolver\AsmResolver.csproj", "{228B5994-1035-4EB0-A095-8D85B6EE1146}"
EndProject
Project("{2150E333-8FDC-42A3-9474-1A3956D46DE8}") = "Tests", "Tests", "{5A2FB91C-5C97-40FC-B889-F2319E409F05}"
EndProject
Project("{2150E333-8FDC-42A3-9474-1A3956D46DE8}") = "Net", "Net", "{FD18A7BB-2AA1-49B2-8125-367A1210B3F7}"
EndProject
Project("{2150E333-8FDC-42A3-9474-1A3956D46DE8}") = "Native", "Native", "{0CB17B32-5860-4A48-8037-FD0B42E291A4}"
EndProject
Project("{8BC9CEB8-8B4A-11D0-8D11-00A0C91BC942}") = "TestConsoleApplication", "Tests\Native\Dummies\TestConsoleApplication\TestConsoleApplication.vcxproj", "{195F5719-09F4-4663-8913-3EAA8A7CED74}"
EndProject
Project("{8BC9CEB8-8B4A-11D0-8D11-00A0C91BC942}") = "TestLibrary", "Tests\Native\Dummies\TestLibrary\TestLibrary.vcxproj", "{6D39C18D-02A3-4F52-8C27-C7495E032285}"
EndProject
Project("{FAE04EC0-301F-11D3-BF4B-00C04F79EFBC}") = "AsmResolver.Tests.Net", "Tests\Net\AsmResolver.Net.Tests\AsmResolver.Tests.Net.csproj", "{7B683AF9-5D54-4CF6-AE82-9B19D8CEFB2B}"
	ProjectSection(ProjectDependencies) = postProject
		{8CCC6CB1-5753-4487-85B1-9FA35BB735F2} = {8CCC6CB1-5753-4487-85B1-9FA35BB735F2}
		{EE8795DB-1B7A-4D78-8021-FD8CBCC52720} = {EE8795DB-1B7A-4D78-8021-FD8CBCC52720}
		{F4B48FFD-D8E6-4426-9A79-90F6A2FB4EC1} = {F4B48FFD-D8E6-4426-9A79-90F6A2FB4EC1}
	EndProjectSection
EndProject
Project("{2150E333-8FDC-42A3-9474-1A3956D46DE8}") = "Dummies", "Dummies", "{719E7608-8AC8-49BD-BE5E-AFC1B464EC64}"
EndProject
Project("{FAE04EC0-301F-11D3-BF4B-00C04F79EFBC}") = "EmptyMsilConsoleApplication", "Tests\Net\Dummies\EmptyMsilConsoleApplication\EmptyMsilConsoleApplication.csproj", "{F4B48FFD-D8E6-4426-9A79-90F6A2FB4EC1}"
EndProject
Project("{FAE04EC0-301F-11D3-BF4B-00C04F79EFBC}") = "AsmResolver.Tests", "Tests\AsmResolver.Tests\AsmResolver.Tests.csproj", "{0EC6087E-15CC-4010-BE00-15F13C5405D7}"
EndProject
Project("{FAE04EC0-301F-11D3-BF4B-00C04F79EFBC}") = "MsilConsoleApplication", "Tests\Net\Dummies\MsilConsoleApplication\MsilConsoleApplication.csproj", "{8CCC6CB1-5753-4487-85B1-9FA35BB735F2}"
EndProject
Project("{FAE04EC0-301F-11D3-BF4B-00C04F79EFBC}") = "AsmResolver.Tests.Native", "Tests\Native\AsmResolver.Tests.Native\AsmResolver.Tests.Native.csproj", "{51B5469E-D457-4E50-A14E-EC111481B37B}"
	ProjectSection(ProjectDependencies) = postProject
		{16F58711-5DA7-4DFF-90AE-91CCD192E010} = {16F58711-5DA7-4DFF-90AE-91CCD192E010}
		{195F5719-09F4-4663-8913-3EAA8A7CED74} = {195F5719-09F4-4663-8913-3EAA8A7CED74}
		{6D39C18D-02A3-4F52-8C27-C7495E032285} = {6D39C18D-02A3-4F52-8C27-C7495E032285}
	EndProjectSection
EndProject
Project("{2150E333-8FDC-42A3-9474-1A3956D46DE8}") = "Dummies", "Dummies", "{091C6286-22F5-4407-BD17-805F157F2165}"
EndProject
Project("{2150E333-8FDC-42A3-9474-1A3956D46DE8}") = "X86Binaries", "X86Binaries", "{2D487327-F043-49E5-BB05-4D18C33F8C80}"
	ProjectSection(SolutionItems) = preProject
		Tests\Native\Dummies\X86Binaries\X86Binaries Readme.txt = Tests\Native\Dummies\X86Binaries\X86Binaries Readme.txt
	EndProjectSection
EndProject
Project("{2150E333-8FDC-42A3-9474-1A3956D46DE8}") = "RegOrMem8_Reg8", "RegOrMem8_Reg8", "{20AA24CA-4160-4BC2-9E18-7ACB063D8095}"
	ProjectSection(SolutionItems) = preProject
		Tests\Native\Dummies\X86Binaries\RegOrMem8_Reg8\Reg8_RegOrMem8.asm = Tests\Native\Dummies\X86Binaries\RegOrMem8_Reg8\Reg8_RegOrMem8.asm
		Tests\Native\Dummies\X86Binaries\RegOrMem8_Reg8\Reg8_RegOrMem8.bin = Tests\Native\Dummies\X86Binaries\RegOrMem8_Reg8\Reg8_RegOrMem8.bin
		Tests\Native\Dummies\X86Binaries\RegOrMem8_Reg8\RegOrMem8_Reg8.asm = Tests\Native\Dummies\X86Binaries\RegOrMem8_Reg8\RegOrMem8_Reg8.asm
		Tests\Native\Dummies\X86Binaries\RegOrMem8_Reg8\RegOrMem8_Reg8.bin = Tests\Native\Dummies\X86Binaries\RegOrMem8_Reg8\RegOrMem8_Reg8.bin
		Tests\Native\Dummies\X86Binaries\RegOrMem8_Reg8\RegOrMem8_Reg8_sib.asm = Tests\Native\Dummies\X86Binaries\RegOrMem8_Reg8\RegOrMem8_Reg8_sib.asm
		Tests\Native\Dummies\X86Binaries\RegOrMem8_Reg8\RegOrMem8_Reg8_sib.bin = Tests\Native\Dummies\X86Binaries\RegOrMem8_Reg8\RegOrMem8_Reg8_sib.bin
	EndProjectSection
EndProject
Project("{2150E333-8FDC-42A3-9474-1A3956D46DE8}") = "Misc", "Misc", "{F2FBFE46-4143-4DCB-9F03-24ECBDD7ADEE}"
	ProjectSection(SolutionItems) = preProject
		Tests\Native\Dummies\X86Binaries\Misc\Misc.asm = Tests\Native\Dummies\X86Binaries\Misc\Misc.asm
		Tests\Native\Dummies\X86Binaries\Misc\Misc.bin = Tests\Native\Dummies\X86Binaries\Misc\Misc.bin
		Tests\Native\Dummies\X86Binaries\Misc\OpCodeRegisterToken.asm = Tests\Native\Dummies\X86Binaries\Misc\OpCodeRegisterToken.asm
		Tests\Native\Dummies\X86Binaries\Misc\OpCodeRegisterToken.bin = Tests\Native\Dummies\X86Binaries\Misc\OpCodeRegisterToken.bin
		Tests\Native\Dummies\X86Binaries\Misc\RelativeOffsets.asm = Tests\Native\Dummies\X86Binaries\Misc\RelativeOffsets.asm
		Tests\Native\Dummies\X86Binaries\Misc\RelativeOffsets.bin = Tests\Native\Dummies\X86Binaries\Misc\RelativeOffsets.bin
		Tests\Native\Dummies\X86Binaries\Misc\3Operands.asm = Tests\Native\Dummies\X86Binaries\Misc\3Operands.asm
		Tests\Native\Dummies\X86Binaries\Misc\3Operands.bin = Tests\Native\Dummies\X86Binaries\Misc\3Operands.bin
	EndProjectSection
EndProject
Project("{FAE04EC0-301F-11D3-BF4B-00C04F79EFBC}") = "ClassLibrary1", "Tests\Net\Dummies\ClassLibrary1\ClassLibrary1.csproj", "{EE8795DB-1B7A-4D78-8021-FD8CBCC52720}"
EndProject
Project("{8BC9CEB8-8B4A-11D0-8D11-00A0C91BC942}") = "MixedModeApplication", "Tests\Native\Dummies\MixedModeApplication\MixedModeApplication.vcxproj", "{16F58711-5DA7-4DFF-90AE-91CCD192E010}"
EndProject
Project("{2150E333-8FDC-42A3-9474-1A3956D46DE8}") = "Examples", "Examples", "{2C76E7A9-4183-4CF9-8584-2B703ED1B9F7}"
EndProject
Project("{FAE04EC0-301F-11D3-BF4B-00C04F79EFBC}") = "SampleAsmResolver", "Examples\SampleAsmResolver\SampleAsmResolver.csproj", "{E3A1BC77-F37E-4206-9F8F-9022DE4B22EF}"
EndProject
Project("{2150E333-8FDC-42A3-9474-1A3956D46DE8}") = "RegOrMem16_Reg16", "RegOrMem16_Reg16", "{D4EF03CD-1E89-4250-AB82-FF1756F2F1C5}"
ProjectSection(SolutionItems) = preProject
	Tests\Native\Dummies\X86Binaries\RegOrMem16_Reg16\RegOrMem16_Reg16.asm = Tests\Native\Dummies\X86Binaries\RegOrMem16_Reg16\RegOrMem16_Reg16.asm
	Tests\Native\Dummies\X86Binaries\RegOrMem16_Reg16\RegOrMem16_Reg16.bin = Tests\Native\Dummies\X86Binaries\RegOrMem16_Reg16\RegOrMem16_Reg16.bin
EndProjectSection
EndProject
Global
	GlobalSection(SolutionConfigurationPlatforms) = preSolution
		Debug|Any CPU = Debug|Any CPU
		Debug|Mixed Platforms = Debug|Mixed Platforms
		Debug|Win32 = Debug|Win32
		Debug|x64 = Debug|x64
		Release|Any CPU = Release|Any CPU
		Release|Mixed Platforms = Release|Mixed Platforms
		Release|Win32 = Release|Win32
		Release|x64 = Release|x64
	EndGlobalSection
	GlobalSection(ProjectConfigurationPlatforms) = postSolution
		{228B5994-1035-4EB0-A095-8D85B6EE1146}.Debug|Any CPU.ActiveCfg = Debug|Any CPU
		{228B5994-1035-4EB0-A095-8D85B6EE1146}.Debug|Any CPU.Build.0 = Debug|Any CPU
		{228B5994-1035-4EB0-A095-8D85B6EE1146}.Debug|Mixed Platforms.ActiveCfg = Debug|Any CPU
		{228B5994-1035-4EB0-A095-8D85B6EE1146}.Debug|Mixed Platforms.Build.0 = Debug|Any CPU
		{228B5994-1035-4EB0-A095-8D85B6EE1146}.Debug|Win32.ActiveCfg = Debug|Any CPU
		{228B5994-1035-4EB0-A095-8D85B6EE1146}.Debug|x64.ActiveCfg = Debug|Any CPU
		{228B5994-1035-4EB0-A095-8D85B6EE1146}.Debug|x64.Build.0 = Debug|Any CPU
		{228B5994-1035-4EB0-A095-8D85B6EE1146}.Release|Any CPU.ActiveCfg = Release|Any CPU
		{228B5994-1035-4EB0-A095-8D85B6EE1146}.Release|Any CPU.Build.0 = Release|Any CPU
		{228B5994-1035-4EB0-A095-8D85B6EE1146}.Release|Mixed Platforms.ActiveCfg = Release|Any CPU
		{228B5994-1035-4EB0-A095-8D85B6EE1146}.Release|Mixed Platforms.Build.0 = Release|Any CPU
		{228B5994-1035-4EB0-A095-8D85B6EE1146}.Release|Win32.ActiveCfg = Release|Any CPU
		{228B5994-1035-4EB0-A095-8D85B6EE1146}.Release|x64.ActiveCfg = Release|Any CPU
		{228B5994-1035-4EB0-A095-8D85B6EE1146}.Release|x64.Build.0 = Release|Any CPU
		{195F5719-09F4-4663-8913-3EAA8A7CED74}.Debug|Any CPU.ActiveCfg = Debug|Win32
		{195F5719-09F4-4663-8913-3EAA8A7CED74}.Debug|Mixed Platforms.ActiveCfg = Debug|Win32
		{195F5719-09F4-4663-8913-3EAA8A7CED74}.Debug|Mixed Platforms.Build.0 = Debug|Win32
		{195F5719-09F4-4663-8913-3EAA8A7CED74}.Debug|Win32.ActiveCfg = Debug|Win32
		{195F5719-09F4-4663-8913-3EAA8A7CED74}.Debug|Win32.Build.0 = Debug|Win32
		{195F5719-09F4-4663-8913-3EAA8A7CED74}.Debug|x64.ActiveCfg = Debug|Win32
		{195F5719-09F4-4663-8913-3EAA8A7CED74}.Release|Any CPU.ActiveCfg = Release|Win32
		{195F5719-09F4-4663-8913-3EAA8A7CED74}.Release|Mixed Platforms.ActiveCfg = Release|Win32
		{195F5719-09F4-4663-8913-3EAA8A7CED74}.Release|Mixed Platforms.Build.0 = Release|Win32
		{195F5719-09F4-4663-8913-3EAA8A7CED74}.Release|Win32.ActiveCfg = Release|Win32
		{195F5719-09F4-4663-8913-3EAA8A7CED74}.Release|Win32.Build.0 = Release|Win32
		{195F5719-09F4-4663-8913-3EAA8A7CED74}.Release|x64.ActiveCfg = Release|Win32
		{6D39C18D-02A3-4F52-8C27-C7495E032285}.Debug|Any CPU.ActiveCfg = Debug|Win32
		{6D39C18D-02A3-4F52-8C27-C7495E032285}.Debug|Mixed Platforms.ActiveCfg = Debug|Win32
		{6D39C18D-02A3-4F52-8C27-C7495E032285}.Debug|Mixed Platforms.Build.0 = Debug|Win32
		{6D39C18D-02A3-4F52-8C27-C7495E032285}.Debug|Win32.ActiveCfg = Debug|Win32
		{6D39C18D-02A3-4F52-8C27-C7495E032285}.Debug|Win32.Build.0 = Debug|Win32
		{6D39C18D-02A3-4F52-8C27-C7495E032285}.Debug|x64.ActiveCfg = Debug|Win32
		{6D39C18D-02A3-4F52-8C27-C7495E032285}.Release|Any CPU.ActiveCfg = Release|Win32
		{6D39C18D-02A3-4F52-8C27-C7495E032285}.Release|Mixed Platforms.ActiveCfg = Release|Win32
		{6D39C18D-02A3-4F52-8C27-C7495E032285}.Release|Mixed Platforms.Build.0 = Release|Win32
		{6D39C18D-02A3-4F52-8C27-C7495E032285}.Release|Win32.ActiveCfg = Release|Win32
		{6D39C18D-02A3-4F52-8C27-C7495E032285}.Release|Win32.Build.0 = Release|Win32
		{6D39C18D-02A3-4F52-8C27-C7495E032285}.Release|x64.ActiveCfg = Release|Win32
		{7B683AF9-5D54-4CF6-AE82-9B19D8CEFB2B}.Debug|Any CPU.ActiveCfg = Debug|Any CPU
		{7B683AF9-5D54-4CF6-AE82-9B19D8CEFB2B}.Debug|Any CPU.Build.0 = Debug|Any CPU
		{7B683AF9-5D54-4CF6-AE82-9B19D8CEFB2B}.Debug|Mixed Platforms.ActiveCfg = Debug|Any CPU
		{7B683AF9-5D54-4CF6-AE82-9B19D8CEFB2B}.Debug|Mixed Platforms.Build.0 = Debug|Any CPU
		{7B683AF9-5D54-4CF6-AE82-9B19D8CEFB2B}.Debug|Win32.ActiveCfg = Debug|Any CPU
		{7B683AF9-5D54-4CF6-AE82-9B19D8CEFB2B}.Debug|x64.ActiveCfg = Debug|Any CPU
		{7B683AF9-5D54-4CF6-AE82-9B19D8CEFB2B}.Debug|x64.Build.0 = Debug|Any CPU
		{7B683AF9-5D54-4CF6-AE82-9B19D8CEFB2B}.Release|Any CPU.ActiveCfg = Release|Any CPU
		{7B683AF9-5D54-4CF6-AE82-9B19D8CEFB2B}.Release|Any CPU.Build.0 = Release|Any CPU
		{7B683AF9-5D54-4CF6-AE82-9B19D8CEFB2B}.Release|Mixed Platforms.ActiveCfg = Release|Any CPU
		{7B683AF9-5D54-4CF6-AE82-9B19D8CEFB2B}.Release|Mixed Platforms.Build.0 = Release|Any CPU
		{7B683AF9-5D54-4CF6-AE82-9B19D8CEFB2B}.Release|Win32.ActiveCfg = Release|Any CPU
		{7B683AF9-5D54-4CF6-AE82-9B19D8CEFB2B}.Release|x64.ActiveCfg = Release|Any CPU
		{7B683AF9-5D54-4CF6-AE82-9B19D8CEFB2B}.Release|x64.Build.0 = Release|Any CPU
		{F4B48FFD-D8E6-4426-9A79-90F6A2FB4EC1}.Debug|Any CPU.ActiveCfg = Debug|Any CPU
		{F4B48FFD-D8E6-4426-9A79-90F6A2FB4EC1}.Debug|Any CPU.Build.0 = Debug|Any CPU
		{F4B48FFD-D8E6-4426-9A79-90F6A2FB4EC1}.Debug|Mixed Platforms.ActiveCfg = Debug|Any CPU
		{F4B48FFD-D8E6-4426-9A79-90F6A2FB4EC1}.Debug|Mixed Platforms.Build.0 = Debug|Any CPU
		{F4B48FFD-D8E6-4426-9A79-90F6A2FB4EC1}.Debug|Win32.ActiveCfg = Debug|Any CPU
		{F4B48FFD-D8E6-4426-9A79-90F6A2FB4EC1}.Debug|x64.ActiveCfg = Debug|Any CPU
		{F4B48FFD-D8E6-4426-9A79-90F6A2FB4EC1}.Debug|x64.Build.0 = Debug|Any CPU
		{F4B48FFD-D8E6-4426-9A79-90F6A2FB4EC1}.Release|Any CPU.ActiveCfg = Release|Any CPU
		{F4B48FFD-D8E6-4426-9A79-90F6A2FB4EC1}.Release|Any CPU.Build.0 = Release|Any CPU
		{F4B48FFD-D8E6-4426-9A79-90F6A2FB4EC1}.Release|Mixed Platforms.ActiveCfg = Release|Any CPU
		{F4B48FFD-D8E6-4426-9A79-90F6A2FB4EC1}.Release|Mixed Platforms.Build.0 = Release|Any CPU
		{F4B48FFD-D8E6-4426-9A79-90F6A2FB4EC1}.Release|Win32.ActiveCfg = Release|Any CPU
		{F4B48FFD-D8E6-4426-9A79-90F6A2FB4EC1}.Release|x64.ActiveCfg = Release|Any CPU
		{F4B48FFD-D8E6-4426-9A79-90F6A2FB4EC1}.Release|x64.Build.0 = Release|Any CPU
		{0EC6087E-15CC-4010-BE00-15F13C5405D7}.Debug|Any CPU.ActiveCfg = Debug|Any CPU
		{0EC6087E-15CC-4010-BE00-15F13C5405D7}.Debug|Any CPU.Build.0 = Debug|Any CPU
		{0EC6087E-15CC-4010-BE00-15F13C5405D7}.Debug|Mixed Platforms.ActiveCfg = Debug|Any CPU
		{0EC6087E-15CC-4010-BE00-15F13C5405D7}.Debug|Mixed Platforms.Build.0 = Debug|Any CPU
		{0EC6087E-15CC-4010-BE00-15F13C5405D7}.Debug|Win32.ActiveCfg = Debug|Any CPU
		{0EC6087E-15CC-4010-BE00-15F13C5405D7}.Debug|x64.ActiveCfg = Debug|Any CPU
		{0EC6087E-15CC-4010-BE00-15F13C5405D7}.Debug|x64.Build.0 = Debug|Any CPU
		{0EC6087E-15CC-4010-BE00-15F13C5405D7}.Release|Any CPU.ActiveCfg = Release|Any CPU
		{0EC6087E-15CC-4010-BE00-15F13C5405D7}.Release|Any CPU.Build.0 = Release|Any CPU
		{0EC6087E-15CC-4010-BE00-15F13C5405D7}.Release|Mixed Platforms.ActiveCfg = Release|Any CPU
		{0EC6087E-15CC-4010-BE00-15F13C5405D7}.Release|Mixed Platforms.Build.0 = Release|Any CPU
		{0EC6087E-15CC-4010-BE00-15F13C5405D7}.Release|Win32.ActiveCfg = Release|Any CPU
		{0EC6087E-15CC-4010-BE00-15F13C5405D7}.Release|x64.ActiveCfg = Release|Any CPU
		{0EC6087E-15CC-4010-BE00-15F13C5405D7}.Release|x64.Build.0 = Release|Any CPU
		{8CCC6CB1-5753-4487-85B1-9FA35BB735F2}.Debug|Any CPU.ActiveCfg = Debug|Any CPU
		{8CCC6CB1-5753-4487-85B1-9FA35BB735F2}.Debug|Any CPU.Build.0 = Debug|Any CPU
		{8CCC6CB1-5753-4487-85B1-9FA35BB735F2}.Debug|Mixed Platforms.ActiveCfg = Debug|Any CPU
		{8CCC6CB1-5753-4487-85B1-9FA35BB735F2}.Debug|Mixed Platforms.Build.0 = Debug|Any CPU
		{8CCC6CB1-5753-4487-85B1-9FA35BB735F2}.Debug|Win32.ActiveCfg = Debug|Any CPU
		{8CCC6CB1-5753-4487-85B1-9FA35BB735F2}.Debug|x64.ActiveCfg = Debug|Any CPU
		{8CCC6CB1-5753-4487-85B1-9FA35BB735F2}.Debug|x64.Build.0 = Debug|Any CPU
		{8CCC6CB1-5753-4487-85B1-9FA35BB735F2}.Release|Any CPU.ActiveCfg = Release|Any CPU
		{8CCC6CB1-5753-4487-85B1-9FA35BB735F2}.Release|Any CPU.Build.0 = Release|Any CPU
		{8CCC6CB1-5753-4487-85B1-9FA35BB735F2}.Release|Mixed Platforms.ActiveCfg = Release|Any CPU
		{8CCC6CB1-5753-4487-85B1-9FA35BB735F2}.Release|Mixed Platforms.Build.0 = Release|Any CPU
		{8CCC6CB1-5753-4487-85B1-9FA35BB735F2}.Release|Win32.ActiveCfg = Release|Any CPU
		{8CCC6CB1-5753-4487-85B1-9FA35BB735F2}.Release|x64.ActiveCfg = Release|Any CPU
		{8CCC6CB1-5753-4487-85B1-9FA35BB735F2}.Release|x64.Build.0 = Release|Any CPU
		{51B5469E-D457-4E50-A14E-EC111481B37B}.Debug|Any CPU.ActiveCfg = Debug|Any CPU
		{51B5469E-D457-4E50-A14E-EC111481B37B}.Debug|Any CPU.Build.0 = Debug|Any CPU
		{51B5469E-D457-4E50-A14E-EC111481B37B}.Debug|Mixed Platforms.ActiveCfg = Debug|Any CPU
		{51B5469E-D457-4E50-A14E-EC111481B37B}.Debug|Mixed Platforms.Build.0 = Debug|Any CPU
		{51B5469E-D457-4E50-A14E-EC111481B37B}.Debug|Win32.ActiveCfg = Debug|Any CPU
		{51B5469E-D457-4E50-A14E-EC111481B37B}.Debug|x64.ActiveCfg = Debug|Any CPU
		{51B5469E-D457-4E50-A14E-EC111481B37B}.Debug|x64.Build.0 = Debug|Any CPU
		{51B5469E-D457-4E50-A14E-EC111481B37B}.Release|Any CPU.ActiveCfg = Release|Any CPU
		{51B5469E-D457-4E50-A14E-EC111481B37B}.Release|Any CPU.Build.0 = Release|Any CPU
		{51B5469E-D457-4E50-A14E-EC111481B37B}.Release|Mixed Platforms.ActiveCfg = Release|Any CPU
		{51B5469E-D457-4E50-A14E-EC111481B37B}.Release|Mixed Platforms.Build.0 = Release|Any CPU
		{51B5469E-D457-4E50-A14E-EC111481B37B}.Release|Win32.ActiveCfg = Release|Any CPU
		{51B5469E-D457-4E50-A14E-EC111481B37B}.Release|x64.ActiveCfg = Release|Any CPU
		{51B5469E-D457-4E50-A14E-EC111481B37B}.Release|x64.Build.0 = Release|Any CPU
		{EE8795DB-1B7A-4D78-8021-FD8CBCC52720}.Debug|Any CPU.ActiveCfg = Debug|Any CPU
		{EE8795DB-1B7A-4D78-8021-FD8CBCC52720}.Debug|Any CPU.Build.0 = Debug|Any CPU
		{EE8795DB-1B7A-4D78-8021-FD8CBCC52720}.Debug|Mixed Platforms.ActiveCfg = Debug|Any CPU
		{EE8795DB-1B7A-4D78-8021-FD8CBCC52720}.Debug|Mixed Platforms.Build.0 = Debug|Any CPU
		{EE8795DB-1B7A-4D78-8021-FD8CBCC52720}.Debug|Win32.ActiveCfg = Debug|Any CPU
		{EE8795DB-1B7A-4D78-8021-FD8CBCC52720}.Debug|x64.ActiveCfg = Debug|Any CPU
		{EE8795DB-1B7A-4D78-8021-FD8CBCC52720}.Debug|x64.Build.0 = Debug|Any CPU
		{EE8795DB-1B7A-4D78-8021-FD8CBCC52720}.Release|Any CPU.ActiveCfg = Release|Any CPU
		{EE8795DB-1B7A-4D78-8021-FD8CBCC52720}.Release|Any CPU.Build.0 = Release|Any CPU
		{EE8795DB-1B7A-4D78-8021-FD8CBCC52720}.Release|Mixed Platforms.ActiveCfg = Release|Any CPU
		{EE8795DB-1B7A-4D78-8021-FD8CBCC52720}.Release|Mixed Platforms.Build.0 = Release|Any CPU
		{EE8795DB-1B7A-4D78-8021-FD8CBCC52720}.Release|Win32.ActiveCfg = Release|Any CPU
		{EE8795DB-1B7A-4D78-8021-FD8CBCC52720}.Release|x64.ActiveCfg = Release|Any CPU
		{EE8795DB-1B7A-4D78-8021-FD8CBCC52720}.Release|x64.Build.0 = Release|Any CPU
		{16F58711-5DA7-4DFF-90AE-91CCD192E010}.Debug|Any CPU.ActiveCfg = Debug|Win32
		{16F58711-5DA7-4DFF-90AE-91CCD192E010}.Debug|Mixed Platforms.ActiveCfg = Debug|Win32
		{16F58711-5DA7-4DFF-90AE-91CCD192E010}.Debug|Mixed Platforms.Build.0 = Debug|Win32
		{16F58711-5DA7-4DFF-90AE-91CCD192E010}.Debug|Win32.ActiveCfg = Debug|Win32
		{16F58711-5DA7-4DFF-90AE-91CCD192E010}.Debug|Win32.Build.0 = Debug|Win32
		{16F58711-5DA7-4DFF-90AE-91CCD192E010}.Debug|x64.ActiveCfg = Debug|x64
		{16F58711-5DA7-4DFF-90AE-91CCD192E010}.Debug|x64.Build.0 = Debug|x64
		{16F58711-5DA7-4DFF-90AE-91CCD192E010}.Release|Any CPU.ActiveCfg = Release|Win32
		{16F58711-5DA7-4DFF-90AE-91CCD192E010}.Release|Mixed Platforms.ActiveCfg = Release|Win32
		{16F58711-5DA7-4DFF-90AE-91CCD192E010}.Release|Mixed Platforms.Build.0 = Release|Win32
		{16F58711-5DA7-4DFF-90AE-91CCD192E010}.Release|Win32.ActiveCfg = Release|Win32
		{16F58711-5DA7-4DFF-90AE-91CCD192E010}.Release|Win32.Build.0 = Release|Win32
		{16F58711-5DA7-4DFF-90AE-91CCD192E010}.Release|x64.ActiveCfg = Release|x64
		{16F58711-5DA7-4DFF-90AE-91CCD192E010}.Release|x64.Build.0 = Release|x64
		{E3A1BC77-F37E-4206-9F8F-9022DE4B22EF}.Debug|Any CPU.ActiveCfg = Debug|Any CPU
		{E3A1BC77-F37E-4206-9F8F-9022DE4B22EF}.Debug|Any CPU.Build.0 = Debug|Any CPU
		{E3A1BC77-F37E-4206-9F8F-9022DE4B22EF}.Debug|Mixed Platforms.ActiveCfg = Debug|Any CPU
		{E3A1BC77-F37E-4206-9F8F-9022DE4B22EF}.Debug|Mixed Platforms.Build.0 = Debug|Any CPU
		{E3A1BC77-F37E-4206-9F8F-9022DE4B22EF}.Debug|Win32.ActiveCfg = Debug|Any CPU
		{E3A1BC77-F37E-4206-9F8F-9022DE4B22EF}.Debug|Win32.Build.0 = Debug|Any CPU
		{E3A1BC77-F37E-4206-9F8F-9022DE4B22EF}.Debug|x64.ActiveCfg = Debug|Any CPU
		{E3A1BC77-F37E-4206-9F8F-9022DE4B22EF}.Debug|x64.Build.0 = Debug|Any CPU
		{E3A1BC77-F37E-4206-9F8F-9022DE4B22EF}.Release|Any CPU.ActiveCfg = Release|Any CPU
		{E3A1BC77-F37E-4206-9F8F-9022DE4B22EF}.Release|Any CPU.Build.0 = Release|Any CPU
		{E3A1BC77-F37E-4206-9F8F-9022DE4B22EF}.Release|Mixed Platforms.ActiveCfg = Release|Any CPU
		{E3A1BC77-F37E-4206-9F8F-9022DE4B22EF}.Release|Mixed Platforms.Build.0 = Release|Any CPU
		{E3A1BC77-F37E-4206-9F8F-9022DE4B22EF}.Release|Win32.ActiveCfg = Release|Any CPU
		{E3A1BC77-F37E-4206-9F8F-9022DE4B22EF}.Release|Win32.Build.0 = Release|Any CPU
		{E3A1BC77-F37E-4206-9F8F-9022DE4B22EF}.Release|x64.ActiveCfg = Release|Any CPU
		{E3A1BC77-F37E-4206-9F8F-9022DE4B22EF}.Release|x64.Build.0 = Release|Any CPU
	EndGlobalSection
	GlobalSection(SolutionProperties) = preSolution
		HideSolutionNode = FALSE
	EndGlobalSection
	GlobalSection(NestedProjects) = preSolution
		{FD18A7BB-2AA1-49B2-8125-367A1210B3F7} = {5A2FB91C-5C97-40FC-B889-F2319E409F05}
		{0CB17B32-5860-4A48-8037-FD0B42E291A4} = {5A2FB91C-5C97-40FC-B889-F2319E409F05}
		{195F5719-09F4-4663-8913-3EAA8A7CED74} = {091C6286-22F5-4407-BD17-805F157F2165}
		{6D39C18D-02A3-4F52-8C27-C7495E032285} = {091C6286-22F5-4407-BD17-805F157F2165}
		{7B683AF9-5D54-4CF6-AE82-9B19D8CEFB2B} = {FD18A7BB-2AA1-49B2-8125-367A1210B3F7}
		{719E7608-8AC8-49BD-BE5E-AFC1B464EC64} = {FD18A7BB-2AA1-49B2-8125-367A1210B3F7}
		{F4B48FFD-D8E6-4426-9A79-90F6A2FB4EC1} = {719E7608-8AC8-49BD-BE5E-AFC1B464EC64}
		{0EC6087E-15CC-4010-BE00-15F13C5405D7} = {5A2FB91C-5C97-40FC-B889-F2319E409F05}
		{8CCC6CB1-5753-4487-85B1-9FA35BB735F2} = {719E7608-8AC8-49BD-BE5E-AFC1B464EC64}
		{51B5469E-D457-4E50-A14E-EC111481B37B} = {0CB17B32-5860-4A48-8037-FD0B42E291A4}
		{091C6286-22F5-4407-BD17-805F157F2165} = {0CB17B32-5860-4A48-8037-FD0B42E291A4}
		{2D487327-F043-49E5-BB05-4D18C33F8C80} = {091C6286-22F5-4407-BD17-805F157F2165}
		{20AA24CA-4160-4BC2-9E18-7ACB063D8095} = {2D487327-F043-49E5-BB05-4D18C33F8C80}
		{F2FBFE46-4143-4DCB-9F03-24ECBDD7ADEE} = {2D487327-F043-49E5-BB05-4D18C33F8C80}
		{EE8795DB-1B7A-4D78-8021-FD8CBCC52720} = {719E7608-8AC8-49BD-BE5E-AFC1B464EC64}
		{16F58711-5DA7-4DFF-90AE-91CCD192E010} = {091C6286-22F5-4407-BD17-805F157F2165}
		{E3A1BC77-F37E-4206-9F8F-9022DE4B22EF} = {2C76E7A9-4183-4CF9-8584-2B703ED1B9F7}
		{D4EF03CD-1E89-4250-AB82-FF1756F2F1C5} = {2D487327-F043-49E5-BB05-4D18C33F8C80}
	EndGlobalSection
	GlobalSection(ExtensibilityGlobals) = postSolution
		SolutionGuid = {945A34E1-7D33-4D56-A02B-E74263DAB500}
	EndGlobalSection
EndGlobal
