
Microsoft Visual Studio Solution File, Format Version 12.00
Project("{2150E333-8FDC-42A3-9474-1A3956D46DE8}") = "src", "src", "{34A95168-A162-4F6A-803B-B6F221FE9EA6}"
EndProject
Project("{2150E333-8FDC-42A3-9474-1A3956D46DE8}") = "test", "test", "{786C1732-8C96-45DD-97BB-639C9AA7F45B}"
EndProject
Project("{FAE04EC0-301F-11D3-BF4B-00C04F79EFBC}") = "AsmResolver", "src\AsmResolver\AsmResolver.csproj", "{4EA3F800-1A1B-4465-931F-4E9949C3373B}"
EndProject
Project("{FAE04EC0-301F-11D3-BF4B-00C04F79EFBC}") = "AsmResolver.Tests", "test\AsmResolver.Tests\AsmResolver.Tests.csproj", "{7609C0D1-B65C-4C12-B520-EAF611B0E68F}"
EndProject
Project("{2150E333-8FDC-42A3-9474-1A3956D46DE8}") = "docs", "docs", "{58937D3F-B878-468B-AE3C-1C9CCEF74179}"
EndProject
Project("{FAE04EC0-301F-11D3-BF4B-00C04F79EFBC}") = "AsmResolver.PE.File", "src\AsmResolver.PE.File\AsmResolver.PE.File.csproj", "{89F2A014-E503-4328-9601-6D93B9E221D8}"
EndProject
Project("{FAE04EC0-301F-11D3-BF4B-00C04F79EFBC}") = "AsmResolver.PE.File.Tests", "test\AsmResolver.PE.File.Tests\AsmResolver.PE.File.Tests.csproj", "{239BD2AF-D7CF-44C5-BF56-09913166710E}"
EndProject
Project("{2150E333-8FDC-42A3-9474-1A3956D46DE8}") = "TestBinaries", "TestBinaries", "{7919C544-023E-4617-A41C-27A69DB397DE}"
EndProject
Project("{2150E333-8FDC-42A3-9474-1A3956D46DE8}") = "DotNet", "DotNet", "{B3AF102B-ABE1-41B2-AE48-C40702F45AB0}"
EndProject
Project("{FAE04EC0-301F-11D3-BF4B-00C04F79EFBC}") = "HelloWorld", "test\TestBinaries\DotNet\HelloWorld\HelloWorld.csproj", "{856EEF27-8430-4360-9E4C-F923AF142D23}"
EndProject
Global
	GlobalSection(SolutionConfigurationPlatforms) = preSolution
		Debug|Any CPU = Debug|Any CPU
		Release|Any CPU = Release|Any CPU
	EndGlobalSection
	GlobalSection(NestedProjects) = preSolution
		{4EA3F800-1A1B-4465-931F-4E9949C3373B} = {34A95168-A162-4F6A-803B-B6F221FE9EA6}
		{7609C0D1-B65C-4C12-B520-EAF611B0E68F} = {786C1732-8C96-45DD-97BB-639C9AA7F45B}
		{89F2A014-E503-4328-9601-6D93B9E221D8} = {34A95168-A162-4F6A-803B-B6F221FE9EA6}
		{239BD2AF-D7CF-44C5-BF56-09913166710E} = {786C1732-8C96-45DD-97BB-639C9AA7F45B}
		{7919C544-023E-4617-A41C-27A69DB397DE} = {786C1732-8C96-45DD-97BB-639C9AA7F45B}
		{B3AF102B-ABE1-41B2-AE48-C40702F45AB0} = {7919C544-023E-4617-A41C-27A69DB397DE}
		{856EEF27-8430-4360-9E4C-F923AF142D23} = {B3AF102B-ABE1-41B2-AE48-C40702F45AB0}
	EndGlobalSection
	GlobalSection(ProjectConfigurationPlatforms) = postSolution
		{4EA3F800-1A1B-4465-931F-4E9949C3373B}.Debug|Any CPU.ActiveCfg = Debug|Any CPU
		{4EA3F800-1A1B-4465-931F-4E9949C3373B}.Debug|Any CPU.Build.0 = Debug|Any CPU
		{4EA3F800-1A1B-4465-931F-4E9949C3373B}.Release|Any CPU.ActiveCfg = Release|Any CPU
		{4EA3F800-1A1B-4465-931F-4E9949C3373B}.Release|Any CPU.Build.0 = Release|Any CPU
		{7609C0D1-B65C-4C12-B520-EAF611B0E68F}.Debug|Any CPU.ActiveCfg = Debug|Any CPU
		{7609C0D1-B65C-4C12-B520-EAF611B0E68F}.Debug|Any CPU.Build.0 = Debug|Any CPU
		{7609C0D1-B65C-4C12-B520-EAF611B0E68F}.Release|Any CPU.ActiveCfg = Release|Any CPU
		{7609C0D1-B65C-4C12-B520-EAF611B0E68F}.Release|Any CPU.Build.0 = Release|Any CPU
		{89F2A014-E503-4328-9601-6D93B9E221D8}.Debug|Any CPU.ActiveCfg = Debug|Any CPU
		{89F2A014-E503-4328-9601-6D93B9E221D8}.Debug|Any CPU.Build.0 = Debug|Any CPU
		{89F2A014-E503-4328-9601-6D93B9E221D8}.Release|Any CPU.ActiveCfg = Release|Any CPU
		{89F2A014-E503-4328-9601-6D93B9E221D8}.Release|Any CPU.Build.0 = Release|Any CPU
		{239BD2AF-D7CF-44C5-BF56-09913166710E}.Debug|Any CPU.ActiveCfg = Debug|Any CPU
		{239BD2AF-D7CF-44C5-BF56-09913166710E}.Debug|Any CPU.Build.0 = Debug|Any CPU
		{239BD2AF-D7CF-44C5-BF56-09913166710E}.Release|Any CPU.ActiveCfg = Release|Any CPU
		{239BD2AF-D7CF-44C5-BF56-09913166710E}.Release|Any CPU.Build.0 = Release|Any CPU
		{856EEF27-8430-4360-9E4C-F923AF142D23}.Debug|Any CPU.ActiveCfg = Debug|Any CPU
		{856EEF27-8430-4360-9E4C-F923AF142D23}.Debug|Any CPU.Build.0 = Debug|Any CPU
		{856EEF27-8430-4360-9E4C-F923AF142D23}.Release|Any CPU.ActiveCfg = Release|Any CPU
		{856EEF27-8430-4360-9E4C-F923AF142D23}.Release|Any CPU.Build.0 = Release|Any CPU
	EndGlobalSection
EndGlobal
