
Microsoft Visual Studio Solution File, Format Version 12.00
# Visual Studio Version 17
VisualStudioVersion = 17.0.31919.166
MinimumVisualStudioVersion = 10.0.40219.1
Project("{2150E333-8FDC-42A3-9474-1A3956D46DE8}") = "src", "src", "{34A95168-A162-4F6A-803B-B6F221FE9EA6}"
EndProject
Project("{2150E333-8FDC-42A3-9474-1A3956D46DE8}") = "test", "test", "{786C1732-8C96-45DD-97BB-639C9AA7F45B}"
EndProject
Project("{9A19103F-16F7-4668-BE54-9A1E7A4F7556}") = "AsmResolver", "src\AsmResolver\AsmResolver.csproj", "{4EA3F800-1A1B-4465-931F-4E9949C3373B}"
EndProject
Project("{9A19103F-16F7-4668-BE54-9A1E7A4F7556}") = "AsmResolver.Tests", "test\AsmResolver.Tests\AsmResolver.Tests.csproj", "{7609C0D1-B65C-4C12-B520-EAF611B0E68F}"
EndProject
Project("{2150E333-8FDC-42A3-9474-1A3956D46DE8}") = "docs", "docs", "{58937D3F-B878-468B-AE3C-1C9CCEF74179}"
EndProject
Project("{9A19103F-16F7-4668-BE54-9A1E7A4F7556}") = "AsmResolver.PE.File", "src\AsmResolver.PE.File\AsmResolver.PE.File.csproj", "{89F2A014-E503-4328-9601-6D93B9E221D8}"
EndProject
Project("{9A19103F-16F7-4668-BE54-9A1E7A4F7556}") = "AsmResolver.PE.File.Tests", "test\AsmResolver.PE.File.Tests\AsmResolver.PE.File.Tests.csproj", "{239BD2AF-D7CF-44C5-BF56-09913166710E}"
EndProject
Project("{2150E333-8FDC-42A3-9474-1A3956D46DE8}") = "TestBinaries", "TestBinaries", "{7919C544-023E-4617-A41C-27A69DB397DE}"
EndProject
Project("{2150E333-8FDC-42A3-9474-1A3956D46DE8}") = "DotNet", "DotNet", "{B3AF102B-ABE1-41B2-AE48-C40702F45AB0}"
EndProject
Project("{9A19103F-16F7-4668-BE54-9A1E7A4F7556}") = "HelloWorld", "test\TestBinaries\DotNet\HelloWorld\HelloWorld.csproj", "{856EEF27-8430-4360-9E4C-F923AF142D23}"
EndProject
Project("{9A19103F-16F7-4668-BE54-9A1E7A4F7556}") = "AsmResolver.PE", "src\AsmResolver.PE\AsmResolver.PE.csproj", "{4BCE8E05-9A72-4C7C-8A4C-130133F4FC56}"
EndProject
Project("{2150E333-8FDC-42A3-9474-1A3956D46DE8}") = "Native", "Native", "{EA971BB0-94BA-44DB-B16C-212D2DB27E17}"
EndProject
Project("{9A19103F-16F7-4668-BE54-9A1E7A4F7556}") = "AsmResolver.PE.Tests", "test\AsmResolver.PE.Tests\AsmResolver.PE.Tests.csproj", "{6F5D18B2-8536-452E-83C4-4FE594E5A37F}"
EndProject
Project("{8BC9CEB8-8B4A-11D0-8D11-00A0C91BC942}") = "SimpleDll", "test\TestBinaries\Native\SimpleDll\SimpleDll.vcxproj", "{194CD932-0C63-47AA-ABA0-1B5E8328033E}"
EndProject
Project("{9A19103F-16F7-4668-BE54-9A1E7A4F7556}") = "AsmResolver.DotNet", "src\AsmResolver.DotNet\AsmResolver.DotNet.csproj", "{A09E7AE7-34E0-476A-8A3D-188FCAD1BD90}"
EndProject
Project("{9A19103F-16F7-4668-BE54-9A1E7A4F7556}") = "AsmResolver.DotNet.Tests", "test\AsmResolver.DotNet.Tests\AsmResolver.DotNet.Tests.csproj", "{D35B7FB9-F1B2-4963-9D56-B7A7B2EF3198}"
EndProject
Project("{9A19103F-16F7-4668-BE54-9A1E7A4F7556}") = "AsmResolver.DotNet.TestCases.NestedClasses", "test\TestBinaries\DotNet\AsmResolver.DotNet.TestCases.NestedClasses\AsmResolver.DotNet.TestCases.NestedClasses.csproj", "{7FB01382-5454-4AC4-A2C2-CAF62A2B21E7}"
EndProject
Project("{9A19103F-16F7-4668-BE54-9A1E7A4F7556}") = "AsmResolver.DotNet.TestCases.Fields", "test\TestBinaries\DotNet\AsmResolver.DotNet.TestCases.Fields\AsmResolver.DotNet.TestCases.Fields.csproj", "{A95F1D67-462E-4F6A-96C5-20739405932B}"
EndProject
Project("{9A19103F-16F7-4668-BE54-9A1E7A4F7556}") = "AsmResolver.DotNet.TestCases.Methods", "test\TestBinaries\DotNet\AsmResolver.DotNet.TestCases.Methods\AsmResolver.DotNet.TestCases.Methods.csproj", "{055C0598-6C29-4897-9708-E1D7157AD2F3}"
EndProject
Project("{9A19103F-16F7-4668-BE54-9A1E7A4F7556}") = "AsmResolver.DotNet.TestCases.Properties", "test\TestBinaries\DotNet\AsmResolver.DotNet.TestCases.Properties\AsmResolver.DotNet.TestCases.Properties.csproj", "{BA7C370B-8C77-44C4-B02E-2400BAE3D40E}"
EndProject
Project("{9A19103F-16F7-4668-BE54-9A1E7A4F7556}") = "AsmResolver.DotNet.TestCases.Events", "test\TestBinaries\DotNet\AsmResolver.DotNet.TestCases.Events\AsmResolver.DotNet.TestCases.Events.csproj", "{99E54926-E205-4F7F-AC95-53D178876CDD}"
EndProject
Project("{9A19103F-16F7-4668-BE54-9A1E7A4F7556}") = "AsmResolver.DotNet.TestCases.CustomAttributes", "test\TestBinaries\DotNet\AsmResolver.DotNet.TestCases.CustomAttributes\AsmResolver.DotNet.TestCases.CustomAttributes.csproj", "{724C24F9-0F49-41CF-A4FE-1F5A79C72693}"
EndProject
Project("{9A19103F-16F7-4668-BE54-9A1E7A4F7556}") = "AsmResolver.DotNet.TestCases.Generics", "test\TestBinaries\DotNet\AsmResolver.DotNet.TestCases.Generics\AsmResolver.DotNet.TestCases.Generics.csproj", "{8C51B143-CE13-47C9-AC7D-700013965888}"
EndProject
Project("{9A19103F-16F7-4668-BE54-9A1E7A4F7556}") = "AsmResolver.DotNet.TestCases.MultiModules", "test\TestBinaries\DotNet\AsmResolver.DotNet.TestCases.MultiModules\AsmResolver.DotNet.TestCases.MultiModules.csproj", "{18AD5344-262D-430F-B380-78ED35F97460}"
EndProject
Project("{9A19103F-16F7-4668-BE54-9A1E7A4F7556}") = "AsmResolver.DotNet.TestCases.Types", "test\TestBinaries\DotNet\AsmResolver.DotNet.TestCases.Types\AsmResolver.DotNet.TestCases.Types.csproj", "{E56DE12B-7880-4344-B98B-0545686D44EB}"
EndProject
Project("{9A19103F-16F7-4668-BE54-9A1E7A4F7556}") = "AsmResolver.DotNet.TestCases.Resources", "test\TestBinaries\DotNet\AsmResolver.DotNet.TestCases.Resources\AsmResolver.DotNet.TestCases.Resources.csproj", "{4197C9D4-A5F1-473F-8EB8-29CC5663D212}"
EndProject
Project("{9A19103F-16F7-4668-BE54-9A1E7A4F7556}") = "AsmResolver.PE.Win32Resources", "src\AsmResolver.PE.Win32Resources\AsmResolver.PE.Win32Resources.csproj", "{05F83C2F-E591-4443-BA84-31412E41790D}"
EndProject
Project("{9A19103F-16F7-4668-BE54-9A1E7A4F7556}") = "AsmResolver.PE.Win32Resources.Tests", "test\AsmResolver.PE.Win32Resources.Tests\AsmResolver.PE.Win32Resources.Tests.csproj", "{A2D97B54-884C-46CA-BB42-9F87D5AA0A87}"
EndProject
Project("{9A19103F-16F7-4668-BE54-9A1E7A4F7556}") = "TheAnswer", "test\TestBinaries\DotNet\TheAnswer\TheAnswer.csproj", "{BC3C945E-0AB5-4039-B6D9-43A265CC703A}"
EndProject
Project("{9A19103F-16F7-4668-BE54-9A1E7A4F7556}") = "AsmResolver.Benchmarks", "test\AsmResolver.Benchmarks\AsmResolver.Benchmarks.csproj", "{CB766958-8D07-4E2D-8A38-C21617B1C45D}"
EndProject
Project("{2150E333-8FDC-42A3-9474-1A3956D46DE8}") = "tools", "tools", "{0D04B5DF-8D16-488F-8767-E49803D3AF46}"
EndProject
Project("{9A19103F-16F7-4668-BE54-9A1E7A4F7556}") = "AsmResolver.PE.Exports.OrdinalMapper", "tools\AsmResolver.PE.Exports.OrdinalMapper\AsmResolver.PE.Exports.OrdinalMapper.csproj", "{3E4B6896-269F-4129-9746-965338779C31}"
EndProject
Project("{8BC9CEB8-8B4A-11D0-8D11-00A0C91BC942}") = "TlsTest", "test\TestBinaries\Native\TlsTest\TlsTest.vcxproj", "{E7D186F7-B2BC-451D-98CC-427866CABE54}"
EndProject
Project("{8BC9CEB8-8B4A-11D0-8D11-00A0C91BC942}") = "CallManagedExport", "test\TestBinaries\Native\CallManagedExport\CallManagedExport.vcxproj", "{40483E28-C703-4933-BA5B-9512EF6E6A21}"
EndProject
Project("{778DAE3C-4631-46EA-AA77-85C1314464D9}") = "HelloWorldVB", "test\TestBinaries\DotNet\HelloWorldVB\HelloWorldVB.vbproj", "{CF6A7E02-37DC-4963-AC14-76D74ADCD87A}"
EndProject
Project("{778DAE3C-4631-46EA-AA77-85C1314464D9}") = "ClassLibraryVB", "test\TestBinaries\DotNet\ClassLibraryVB\ClassLibraryVB.vbproj", "{2D1DF5DA-7367-4490-B3F0-B996348E150B}"
EndProject
Project("{2150E333-8FDC-42A3-9474-1A3956D46DE8}") = "Solution Items", "Solution Items", "{66C7E95F-0C1A-466E-988A-C84D5542458B}"
	ProjectSection(SolutionItems) = preProject
		.editorconfig = .editorconfig
		.gitignore = .gitignore
		CONTRIBUTING.md = CONTRIBUTING.md
		LICENSE.md = LICENSE.md
		README.md = README.md
	EndProjectSection
EndProject
Project("{FAE04EC0-301F-11D3-BF4B-00C04F79EFBC}") = "AsmResolver.DotNet.Dynamic.Tests", "test\AsmResolver.DotNet.Dynamic.Tests\AsmResolver.DotNet.Dynamic.Tests.csproj", "{C089D0AB-B428-4136-89CC-7974CB590513}"
EndProject
Project("{9A19103F-16F7-4668-BE54-9A1E7A4F7556}") = "AsmResolver.DotNet.Dynamic", "src\AsmResolver.DotNet.Dynamic\AsmResolver.DotNet.Dynamic.csproj", "{62420213-67AD-40FC-B451-BD05C2437CE3}"
EndProject
Global
	GlobalSection(SolutionConfigurationPlatforms) = preSolution
		Debug|Any CPU = Debug|Any CPU
		Debug|x64 = Debug|x64
		Debug|x86 = Debug|x86
		Release|Any CPU = Release|Any CPU
		Release|x64 = Release|x64
		Release|x86 = Release|x86
	EndGlobalSection
	GlobalSection(ProjectConfigurationPlatforms) = postSolution
		{4EA3F800-1A1B-4465-931F-4E9949C3373B}.Debug|Any CPU.ActiveCfg = Debug|Any CPU
		{4EA3F800-1A1B-4465-931F-4E9949C3373B}.Debug|Any CPU.Build.0 = Debug|Any CPU
		{4EA3F800-1A1B-4465-931F-4E9949C3373B}.Debug|x64.ActiveCfg = Debug|Any CPU
		{4EA3F800-1A1B-4465-931F-4E9949C3373B}.Debug|x86.ActiveCfg = Debug|Any CPU
		{4EA3F800-1A1B-4465-931F-4E9949C3373B}.Release|Any CPU.ActiveCfg = Release|Any CPU
		{4EA3F800-1A1B-4465-931F-4E9949C3373B}.Release|Any CPU.Build.0 = Release|Any CPU
		{4EA3F800-1A1B-4465-931F-4E9949C3373B}.Release|x64.ActiveCfg = Release|Any CPU
		{4EA3F800-1A1B-4465-931F-4E9949C3373B}.Release|x86.ActiveCfg = Release|Any CPU
		{7609C0D1-B65C-4C12-B520-EAF611B0E68F}.Debug|Any CPU.ActiveCfg = Debug|Any CPU
		{7609C0D1-B65C-4C12-B520-EAF611B0E68F}.Debug|Any CPU.Build.0 = Debug|Any CPU
		{7609C0D1-B65C-4C12-B520-EAF611B0E68F}.Debug|x64.ActiveCfg = Debug|Any CPU
		{7609C0D1-B65C-4C12-B520-EAF611B0E68F}.Debug|x64.Build.0 = Debug|Any CPU
		{7609C0D1-B65C-4C12-B520-EAF611B0E68F}.Debug|x86.ActiveCfg = Debug|Any CPU
		{7609C0D1-B65C-4C12-B520-EAF611B0E68F}.Debug|x86.Build.0 = Debug|Any CPU
		{7609C0D1-B65C-4C12-B520-EAF611B0E68F}.Release|Any CPU.ActiveCfg = Release|Any CPU
		{7609C0D1-B65C-4C12-B520-EAF611B0E68F}.Release|Any CPU.Build.0 = Release|Any CPU
		{7609C0D1-B65C-4C12-B520-EAF611B0E68F}.Release|x64.ActiveCfg = Release|Any CPU
		{7609C0D1-B65C-4C12-B520-EAF611B0E68F}.Release|x64.Build.0 = Release|Any CPU
		{7609C0D1-B65C-4C12-B520-EAF611B0E68F}.Release|x86.ActiveCfg = Release|Any CPU
		{7609C0D1-B65C-4C12-B520-EAF611B0E68F}.Release|x86.Build.0 = Release|Any CPU
		{89F2A014-E503-4328-9601-6D93B9E221D8}.Debug|Any CPU.ActiveCfg = Debug|Any CPU
		{89F2A014-E503-4328-9601-6D93B9E221D8}.Debug|Any CPU.Build.0 = Debug|Any CPU
		{89F2A014-E503-4328-9601-6D93B9E221D8}.Debug|x64.ActiveCfg = Debug|Any CPU
		{89F2A014-E503-4328-9601-6D93B9E221D8}.Debug|x86.ActiveCfg = Debug|Any CPU
		{89F2A014-E503-4328-9601-6D93B9E221D8}.Release|Any CPU.ActiveCfg = Release|Any CPU
		{89F2A014-E503-4328-9601-6D93B9E221D8}.Release|Any CPU.Build.0 = Release|Any CPU
		{89F2A014-E503-4328-9601-6D93B9E221D8}.Release|x64.ActiveCfg = Release|Any CPU
		{89F2A014-E503-4328-9601-6D93B9E221D8}.Release|x86.ActiveCfg = Release|Any CPU
		{239BD2AF-D7CF-44C5-BF56-09913166710E}.Debug|Any CPU.ActiveCfg = Debug|Any CPU
		{239BD2AF-D7CF-44C5-BF56-09913166710E}.Debug|Any CPU.Build.0 = Debug|Any CPU
		{239BD2AF-D7CF-44C5-BF56-09913166710E}.Debug|x64.ActiveCfg = Debug|Any CPU
		{239BD2AF-D7CF-44C5-BF56-09913166710E}.Debug|x64.Build.0 = Debug|Any CPU
		{239BD2AF-D7CF-44C5-BF56-09913166710E}.Debug|x86.ActiveCfg = Debug|Any CPU
		{239BD2AF-D7CF-44C5-BF56-09913166710E}.Debug|x86.Build.0 = Debug|Any CPU
		{239BD2AF-D7CF-44C5-BF56-09913166710E}.Release|Any CPU.ActiveCfg = Release|Any CPU
		{239BD2AF-D7CF-44C5-BF56-09913166710E}.Release|Any CPU.Build.0 = Release|Any CPU
		{239BD2AF-D7CF-44C5-BF56-09913166710E}.Release|x64.ActiveCfg = Release|Any CPU
		{239BD2AF-D7CF-44C5-BF56-09913166710E}.Release|x64.Build.0 = Release|Any CPU
		{239BD2AF-D7CF-44C5-BF56-09913166710E}.Release|x86.ActiveCfg = Release|Any CPU
		{239BD2AF-D7CF-44C5-BF56-09913166710E}.Release|x86.Build.0 = Release|Any CPU
		{856EEF27-8430-4360-9E4C-F923AF142D23}.Debug|Any CPU.ActiveCfg = Debug|Any CPU
		{856EEF27-8430-4360-9E4C-F923AF142D23}.Debug|Any CPU.Build.0 = Debug|Any CPU
		{856EEF27-8430-4360-9E4C-F923AF142D23}.Debug|x64.ActiveCfg = Debug|Any CPU
		{856EEF27-8430-4360-9E4C-F923AF142D23}.Debug|x86.ActiveCfg = Debug|Any CPU
		{856EEF27-8430-4360-9E4C-F923AF142D23}.Release|Any CPU.ActiveCfg = Release|Any CPU
		{856EEF27-8430-4360-9E4C-F923AF142D23}.Release|Any CPU.Build.0 = Release|Any CPU
		{856EEF27-8430-4360-9E4C-F923AF142D23}.Release|x64.ActiveCfg = Release|Any CPU
		{856EEF27-8430-4360-9E4C-F923AF142D23}.Release|x86.ActiveCfg = Release|Any CPU
		{4BCE8E05-9A72-4C7C-8A4C-130133F4FC56}.Debug|Any CPU.ActiveCfg = Debug|Any CPU
		{4BCE8E05-9A72-4C7C-8A4C-130133F4FC56}.Debug|Any CPU.Build.0 = Debug|Any CPU
		{4BCE8E05-9A72-4C7C-8A4C-130133F4FC56}.Debug|x64.ActiveCfg = Debug|Any CPU
		{4BCE8E05-9A72-4C7C-8A4C-130133F4FC56}.Debug|x86.ActiveCfg = Debug|Any CPU
		{4BCE8E05-9A72-4C7C-8A4C-130133F4FC56}.Release|Any CPU.ActiveCfg = Release|Any CPU
		{4BCE8E05-9A72-4C7C-8A4C-130133F4FC56}.Release|Any CPU.Build.0 = Release|Any CPU
		{4BCE8E05-9A72-4C7C-8A4C-130133F4FC56}.Release|x64.ActiveCfg = Release|Any CPU
		{4BCE8E05-9A72-4C7C-8A4C-130133F4FC56}.Release|x86.ActiveCfg = Release|Any CPU
		{6F5D18B2-8536-452E-83C4-4FE594E5A37F}.Debug|Any CPU.ActiveCfg = Debug|Any CPU
		{6F5D18B2-8536-452E-83C4-4FE594E5A37F}.Debug|Any CPU.Build.0 = Debug|Any CPU
		{6F5D18B2-8536-452E-83C4-4FE594E5A37F}.Debug|x64.ActiveCfg = Debug|Any CPU
		{6F5D18B2-8536-452E-83C4-4FE594E5A37F}.Debug|x64.Build.0 = Debug|Any CPU
		{6F5D18B2-8536-452E-83C4-4FE594E5A37F}.Debug|x86.ActiveCfg = Debug|Any CPU
		{6F5D18B2-8536-452E-83C4-4FE594E5A37F}.Debug|x86.Build.0 = Debug|Any CPU
		{6F5D18B2-8536-452E-83C4-4FE594E5A37F}.Release|Any CPU.ActiveCfg = Release|Any CPU
		{6F5D18B2-8536-452E-83C4-4FE594E5A37F}.Release|Any CPU.Build.0 = Release|Any CPU
		{6F5D18B2-8536-452E-83C4-4FE594E5A37F}.Release|x64.ActiveCfg = Release|Any CPU
		{6F5D18B2-8536-452E-83C4-4FE594E5A37F}.Release|x64.Build.0 = Release|Any CPU
		{6F5D18B2-8536-452E-83C4-4FE594E5A37F}.Release|x86.ActiveCfg = Release|Any CPU
		{6F5D18B2-8536-452E-83C4-4FE594E5A37F}.Release|x86.Build.0 = Release|Any CPU
		{194CD932-0C63-47AA-ABA0-1B5E8328033E}.Debug|Any CPU.ActiveCfg = Debug|Win32
		{194CD932-0C63-47AA-ABA0-1B5E8328033E}.Debug|x64.ActiveCfg = Debug|x64
		{194CD932-0C63-47AA-ABA0-1B5E8328033E}.Debug|x64.Build.0 = Debug|x64
		{194CD932-0C63-47AA-ABA0-1B5E8328033E}.Debug|x86.ActiveCfg = Debug|Win32
		{194CD932-0C63-47AA-ABA0-1B5E8328033E}.Debug|x86.Build.0 = Debug|Win32
		{194CD932-0C63-47AA-ABA0-1B5E8328033E}.Release|Any CPU.ActiveCfg = Release|Win32
		{194CD932-0C63-47AA-ABA0-1B5E8328033E}.Release|x64.ActiveCfg = Release|x64
		{194CD932-0C63-47AA-ABA0-1B5E8328033E}.Release|x64.Build.0 = Release|x64
		{194CD932-0C63-47AA-ABA0-1B5E8328033E}.Release|x86.ActiveCfg = Release|Win32
		{194CD932-0C63-47AA-ABA0-1B5E8328033E}.Release|x86.Build.0 = Release|Win32
		{A09E7AE7-34E0-476A-8A3D-188FCAD1BD90}.Debug|Any CPU.ActiveCfg = Debug|Any CPU
		{A09E7AE7-34E0-476A-8A3D-188FCAD1BD90}.Debug|Any CPU.Build.0 = Debug|Any CPU
		{A09E7AE7-34E0-476A-8A3D-188FCAD1BD90}.Debug|x64.ActiveCfg = Debug|Any CPU
		{A09E7AE7-34E0-476A-8A3D-188FCAD1BD90}.Debug|x64.Build.0 = Debug|Any CPU
		{A09E7AE7-34E0-476A-8A3D-188FCAD1BD90}.Debug|x86.ActiveCfg = Debug|Any CPU
		{A09E7AE7-34E0-476A-8A3D-188FCAD1BD90}.Debug|x86.Build.0 = Debug|Any CPU
		{A09E7AE7-34E0-476A-8A3D-188FCAD1BD90}.Release|Any CPU.ActiveCfg = Release|Any CPU
		{A09E7AE7-34E0-476A-8A3D-188FCAD1BD90}.Release|Any CPU.Build.0 = Release|Any CPU
		{A09E7AE7-34E0-476A-8A3D-188FCAD1BD90}.Release|x64.ActiveCfg = Release|Any CPU
		{A09E7AE7-34E0-476A-8A3D-188FCAD1BD90}.Release|x64.Build.0 = Release|Any CPU
		{A09E7AE7-34E0-476A-8A3D-188FCAD1BD90}.Release|x86.ActiveCfg = Release|Any CPU
		{A09E7AE7-34E0-476A-8A3D-188FCAD1BD90}.Release|x86.Build.0 = Release|Any CPU
		{D35B7FB9-F1B2-4963-9D56-B7A7B2EF3198}.Debug|Any CPU.ActiveCfg = Debug|Any CPU
		{D35B7FB9-F1B2-4963-9D56-B7A7B2EF3198}.Debug|Any CPU.Build.0 = Debug|Any CPU
		{D35B7FB9-F1B2-4963-9D56-B7A7B2EF3198}.Debug|x64.ActiveCfg = Debug|Any CPU
		{D35B7FB9-F1B2-4963-9D56-B7A7B2EF3198}.Debug|x64.Build.0 = Debug|Any CPU
		{D35B7FB9-F1B2-4963-9D56-B7A7B2EF3198}.Debug|x86.ActiveCfg = Debug|Any CPU
		{D35B7FB9-F1B2-4963-9D56-B7A7B2EF3198}.Debug|x86.Build.0 = Debug|Any CPU
		{D35B7FB9-F1B2-4963-9D56-B7A7B2EF3198}.Release|Any CPU.ActiveCfg = Release|Any CPU
		{D35B7FB9-F1B2-4963-9D56-B7A7B2EF3198}.Release|Any CPU.Build.0 = Release|Any CPU
		{D35B7FB9-F1B2-4963-9D56-B7A7B2EF3198}.Release|x64.ActiveCfg = Release|Any CPU
		{D35B7FB9-F1B2-4963-9D56-B7A7B2EF3198}.Release|x64.Build.0 = Release|Any CPU
		{D35B7FB9-F1B2-4963-9D56-B7A7B2EF3198}.Release|x86.ActiveCfg = Release|Any CPU
		{D35B7FB9-F1B2-4963-9D56-B7A7B2EF3198}.Release|x86.Build.0 = Release|Any CPU
		{7FB01382-5454-4AC4-A2C2-CAF62A2B21E7}.Debug|Any CPU.ActiveCfg = Debug|Any CPU
		{7FB01382-5454-4AC4-A2C2-CAF62A2B21E7}.Debug|Any CPU.Build.0 = Debug|Any CPU
		{7FB01382-5454-4AC4-A2C2-CAF62A2B21E7}.Debug|x64.ActiveCfg = Debug|Any CPU
		{7FB01382-5454-4AC4-A2C2-CAF62A2B21E7}.Debug|x64.Build.0 = Debug|Any CPU
		{7FB01382-5454-4AC4-A2C2-CAF62A2B21E7}.Debug|x86.ActiveCfg = Debug|Any CPU
		{7FB01382-5454-4AC4-A2C2-CAF62A2B21E7}.Debug|x86.Build.0 = Debug|Any CPU
		{7FB01382-5454-4AC4-A2C2-CAF62A2B21E7}.Release|Any CPU.ActiveCfg = Release|Any CPU
		{7FB01382-5454-4AC4-A2C2-CAF62A2B21E7}.Release|Any CPU.Build.0 = Release|Any CPU
		{7FB01382-5454-4AC4-A2C2-CAF62A2B21E7}.Release|x64.ActiveCfg = Release|Any CPU
		{7FB01382-5454-4AC4-A2C2-CAF62A2B21E7}.Release|x64.Build.0 = Release|Any CPU
		{7FB01382-5454-4AC4-A2C2-CAF62A2B21E7}.Release|x86.ActiveCfg = Release|Any CPU
		{7FB01382-5454-4AC4-A2C2-CAF62A2B21E7}.Release|x86.Build.0 = Release|Any CPU
		{A95F1D67-462E-4F6A-96C5-20739405932B}.Debug|Any CPU.ActiveCfg = Debug|Any CPU
		{A95F1D67-462E-4F6A-96C5-20739405932B}.Debug|Any CPU.Build.0 = Debug|Any CPU
		{A95F1D67-462E-4F6A-96C5-20739405932B}.Debug|x64.ActiveCfg = Debug|Any CPU
		{A95F1D67-462E-4F6A-96C5-20739405932B}.Debug|x64.Build.0 = Debug|Any CPU
		{A95F1D67-462E-4F6A-96C5-20739405932B}.Debug|x86.ActiveCfg = Debug|Any CPU
		{A95F1D67-462E-4F6A-96C5-20739405932B}.Debug|x86.Build.0 = Debug|Any CPU
		{A95F1D67-462E-4F6A-96C5-20739405932B}.Release|Any CPU.ActiveCfg = Release|Any CPU
		{A95F1D67-462E-4F6A-96C5-20739405932B}.Release|Any CPU.Build.0 = Release|Any CPU
		{A95F1D67-462E-4F6A-96C5-20739405932B}.Release|x64.ActiveCfg = Release|Any CPU
		{A95F1D67-462E-4F6A-96C5-20739405932B}.Release|x64.Build.0 = Release|Any CPU
		{A95F1D67-462E-4F6A-96C5-20739405932B}.Release|x86.ActiveCfg = Release|Any CPU
		{A95F1D67-462E-4F6A-96C5-20739405932B}.Release|x86.Build.0 = Release|Any CPU
		{055C0598-6C29-4897-9708-E1D7157AD2F3}.Debug|Any CPU.ActiveCfg = Debug|Any CPU
		{055C0598-6C29-4897-9708-E1D7157AD2F3}.Debug|Any CPU.Build.0 = Debug|Any CPU
		{055C0598-6C29-4897-9708-E1D7157AD2F3}.Debug|x64.ActiveCfg = Debug|Any CPU
		{055C0598-6C29-4897-9708-E1D7157AD2F3}.Debug|x64.Build.0 = Debug|Any CPU
		{055C0598-6C29-4897-9708-E1D7157AD2F3}.Debug|x86.ActiveCfg = Debug|Any CPU
		{055C0598-6C29-4897-9708-E1D7157AD2F3}.Debug|x86.Build.0 = Debug|Any CPU
		{055C0598-6C29-4897-9708-E1D7157AD2F3}.Release|Any CPU.ActiveCfg = Release|Any CPU
		{055C0598-6C29-4897-9708-E1D7157AD2F3}.Release|Any CPU.Build.0 = Release|Any CPU
		{055C0598-6C29-4897-9708-E1D7157AD2F3}.Release|x64.ActiveCfg = Release|Any CPU
		{055C0598-6C29-4897-9708-E1D7157AD2F3}.Release|x64.Build.0 = Release|Any CPU
		{055C0598-6C29-4897-9708-E1D7157AD2F3}.Release|x86.ActiveCfg = Release|Any CPU
		{055C0598-6C29-4897-9708-E1D7157AD2F3}.Release|x86.Build.0 = Release|Any CPU
		{BA7C370B-8C77-44C4-B02E-2400BAE3D40E}.Debug|Any CPU.ActiveCfg = Debug|Any CPU
		{BA7C370B-8C77-44C4-B02E-2400BAE3D40E}.Debug|Any CPU.Build.0 = Debug|Any CPU
		{BA7C370B-8C77-44C4-B02E-2400BAE3D40E}.Debug|x64.ActiveCfg = Debug|Any CPU
		{BA7C370B-8C77-44C4-B02E-2400BAE3D40E}.Debug|x64.Build.0 = Debug|Any CPU
		{BA7C370B-8C77-44C4-B02E-2400BAE3D40E}.Debug|x86.ActiveCfg = Debug|Any CPU
		{BA7C370B-8C77-44C4-B02E-2400BAE3D40E}.Debug|x86.Build.0 = Debug|Any CPU
		{BA7C370B-8C77-44C4-B02E-2400BAE3D40E}.Release|Any CPU.ActiveCfg = Release|Any CPU
		{BA7C370B-8C77-44C4-B02E-2400BAE3D40E}.Release|Any CPU.Build.0 = Release|Any CPU
		{BA7C370B-8C77-44C4-B02E-2400BAE3D40E}.Release|x64.ActiveCfg = Release|Any CPU
		{BA7C370B-8C77-44C4-B02E-2400BAE3D40E}.Release|x64.Build.0 = Release|Any CPU
		{BA7C370B-8C77-44C4-B02E-2400BAE3D40E}.Release|x86.ActiveCfg = Release|Any CPU
		{BA7C370B-8C77-44C4-B02E-2400BAE3D40E}.Release|x86.Build.0 = Release|Any CPU
		{99E54926-E205-4F7F-AC95-53D178876CDD}.Debug|Any CPU.ActiveCfg = Debug|Any CPU
		{99E54926-E205-4F7F-AC95-53D178876CDD}.Debug|Any CPU.Build.0 = Debug|Any CPU
		{99E54926-E205-4F7F-AC95-53D178876CDD}.Debug|x64.ActiveCfg = Debug|Any CPU
		{99E54926-E205-4F7F-AC95-53D178876CDD}.Debug|x64.Build.0 = Debug|Any CPU
		{99E54926-E205-4F7F-AC95-53D178876CDD}.Debug|x86.ActiveCfg = Debug|Any CPU
		{99E54926-E205-4F7F-AC95-53D178876CDD}.Debug|x86.Build.0 = Debug|Any CPU
		{99E54926-E205-4F7F-AC95-53D178876CDD}.Release|Any CPU.ActiveCfg = Release|Any CPU
		{99E54926-E205-4F7F-AC95-53D178876CDD}.Release|Any CPU.Build.0 = Release|Any CPU
		{99E54926-E205-4F7F-AC95-53D178876CDD}.Release|x64.ActiveCfg = Release|Any CPU
		{99E54926-E205-4F7F-AC95-53D178876CDD}.Release|x64.Build.0 = Release|Any CPU
		{99E54926-E205-4F7F-AC95-53D178876CDD}.Release|x86.ActiveCfg = Release|Any CPU
		{99E54926-E205-4F7F-AC95-53D178876CDD}.Release|x86.Build.0 = Release|Any CPU
		{724C24F9-0F49-41CF-A4FE-1F5A79C72693}.Debug|Any CPU.ActiveCfg = Debug|Any CPU
		{724C24F9-0F49-41CF-A4FE-1F5A79C72693}.Debug|Any CPU.Build.0 = Debug|Any CPU
		{724C24F9-0F49-41CF-A4FE-1F5A79C72693}.Debug|x64.ActiveCfg = Debug|Any CPU
		{724C24F9-0F49-41CF-A4FE-1F5A79C72693}.Debug|x64.Build.0 = Debug|Any CPU
		{724C24F9-0F49-41CF-A4FE-1F5A79C72693}.Debug|x86.ActiveCfg = Debug|Any CPU
		{724C24F9-0F49-41CF-A4FE-1F5A79C72693}.Debug|x86.Build.0 = Debug|Any CPU
		{724C24F9-0F49-41CF-A4FE-1F5A79C72693}.Release|Any CPU.ActiveCfg = Release|Any CPU
		{724C24F9-0F49-41CF-A4FE-1F5A79C72693}.Release|Any CPU.Build.0 = Release|Any CPU
		{724C24F9-0F49-41CF-A4FE-1F5A79C72693}.Release|x64.ActiveCfg = Release|Any CPU
		{724C24F9-0F49-41CF-A4FE-1F5A79C72693}.Release|x64.Build.0 = Release|Any CPU
		{724C24F9-0F49-41CF-A4FE-1F5A79C72693}.Release|x86.ActiveCfg = Release|Any CPU
		{724C24F9-0F49-41CF-A4FE-1F5A79C72693}.Release|x86.Build.0 = Release|Any CPU
		{8C51B143-CE13-47C9-AC7D-700013965888}.Debug|Any CPU.ActiveCfg = Debug|Any CPU
		{8C51B143-CE13-47C9-AC7D-700013965888}.Debug|Any CPU.Build.0 = Debug|Any CPU
		{8C51B143-CE13-47C9-AC7D-700013965888}.Debug|x64.ActiveCfg = Debug|Any CPU
		{8C51B143-CE13-47C9-AC7D-700013965888}.Debug|x64.Build.0 = Debug|Any CPU
		{8C51B143-CE13-47C9-AC7D-700013965888}.Debug|x86.ActiveCfg = Debug|Any CPU
		{8C51B143-CE13-47C9-AC7D-700013965888}.Debug|x86.Build.0 = Debug|Any CPU
		{8C51B143-CE13-47C9-AC7D-700013965888}.Release|Any CPU.ActiveCfg = Release|Any CPU
		{8C51B143-CE13-47C9-AC7D-700013965888}.Release|Any CPU.Build.0 = Release|Any CPU
		{8C51B143-CE13-47C9-AC7D-700013965888}.Release|x64.ActiveCfg = Release|Any CPU
		{8C51B143-CE13-47C9-AC7D-700013965888}.Release|x64.Build.0 = Release|Any CPU
		{8C51B143-CE13-47C9-AC7D-700013965888}.Release|x86.ActiveCfg = Release|Any CPU
		{8C51B143-CE13-47C9-AC7D-700013965888}.Release|x86.Build.0 = Release|Any CPU
		{18AD5344-262D-430F-B380-78ED35F97460}.Debug|Any CPU.ActiveCfg = Debug|Any CPU
		{18AD5344-262D-430F-B380-78ED35F97460}.Debug|Any CPU.Build.0 = Debug|Any CPU
		{18AD5344-262D-430F-B380-78ED35F97460}.Debug|x64.ActiveCfg = Debug|Any CPU
		{18AD5344-262D-430F-B380-78ED35F97460}.Debug|x64.Build.0 = Debug|Any CPU
		{18AD5344-262D-430F-B380-78ED35F97460}.Debug|x86.ActiveCfg = Debug|Any CPU
		{18AD5344-262D-430F-B380-78ED35F97460}.Debug|x86.Build.0 = Debug|Any CPU
		{18AD5344-262D-430F-B380-78ED35F97460}.Release|Any CPU.ActiveCfg = Release|Any CPU
		{18AD5344-262D-430F-B380-78ED35F97460}.Release|Any CPU.Build.0 = Release|Any CPU
		{18AD5344-262D-430F-B380-78ED35F97460}.Release|x64.ActiveCfg = Release|Any CPU
		{18AD5344-262D-430F-B380-78ED35F97460}.Release|x64.Build.0 = Release|Any CPU
		{18AD5344-262D-430F-B380-78ED35F97460}.Release|x86.ActiveCfg = Release|Any CPU
		{18AD5344-262D-430F-B380-78ED35F97460}.Release|x86.Build.0 = Release|Any CPU
		{E56DE12B-7880-4344-B98B-0545686D44EB}.Debug|Any CPU.ActiveCfg = Debug|Any CPU
		{E56DE12B-7880-4344-B98B-0545686D44EB}.Debug|Any CPU.Build.0 = Debug|Any CPU
		{E56DE12B-7880-4344-B98B-0545686D44EB}.Debug|x64.ActiveCfg = Debug|Any CPU
		{E56DE12B-7880-4344-B98B-0545686D44EB}.Debug|x64.Build.0 = Debug|Any CPU
		{E56DE12B-7880-4344-B98B-0545686D44EB}.Debug|x86.ActiveCfg = Debug|Any CPU
		{E56DE12B-7880-4344-B98B-0545686D44EB}.Debug|x86.Build.0 = Debug|Any CPU
		{E56DE12B-7880-4344-B98B-0545686D44EB}.Release|Any CPU.ActiveCfg = Release|Any CPU
		{E56DE12B-7880-4344-B98B-0545686D44EB}.Release|Any CPU.Build.0 = Release|Any CPU
		{E56DE12B-7880-4344-B98B-0545686D44EB}.Release|x64.ActiveCfg = Release|Any CPU
		{E56DE12B-7880-4344-B98B-0545686D44EB}.Release|x64.Build.0 = Release|Any CPU
		{E56DE12B-7880-4344-B98B-0545686D44EB}.Release|x86.ActiveCfg = Release|Any CPU
		{E56DE12B-7880-4344-B98B-0545686D44EB}.Release|x86.Build.0 = Release|Any CPU
		{4197C9D4-A5F1-473F-8EB8-29CC5663D212}.Debug|Any CPU.ActiveCfg = Debug|Any CPU
		{4197C9D4-A5F1-473F-8EB8-29CC5663D212}.Debug|Any CPU.Build.0 = Debug|Any CPU
		{4197C9D4-A5F1-473F-8EB8-29CC5663D212}.Debug|x64.ActiveCfg = Debug|Any CPU
		{4197C9D4-A5F1-473F-8EB8-29CC5663D212}.Debug|x64.Build.0 = Debug|Any CPU
		{4197C9D4-A5F1-473F-8EB8-29CC5663D212}.Debug|x86.ActiveCfg = Debug|Any CPU
		{4197C9D4-A5F1-473F-8EB8-29CC5663D212}.Debug|x86.Build.0 = Debug|Any CPU
		{4197C9D4-A5F1-473F-8EB8-29CC5663D212}.Release|Any CPU.ActiveCfg = Release|Any CPU
		{4197C9D4-A5F1-473F-8EB8-29CC5663D212}.Release|Any CPU.Build.0 = Release|Any CPU
		{4197C9D4-A5F1-473F-8EB8-29CC5663D212}.Release|x64.ActiveCfg = Release|Any CPU
		{4197C9D4-A5F1-473F-8EB8-29CC5663D212}.Release|x64.Build.0 = Release|Any CPU
		{4197C9D4-A5F1-473F-8EB8-29CC5663D212}.Release|x86.ActiveCfg = Release|Any CPU
		{4197C9D4-A5F1-473F-8EB8-29CC5663D212}.Release|x86.Build.0 = Release|Any CPU
		{05F83C2F-E591-4443-BA84-31412E41790D}.Debug|Any CPU.ActiveCfg = Debug|Any CPU
		{05F83C2F-E591-4443-BA84-31412E41790D}.Debug|Any CPU.Build.0 = Debug|Any CPU
		{05F83C2F-E591-4443-BA84-31412E41790D}.Debug|x64.ActiveCfg = Debug|Any CPU
		{05F83C2F-E591-4443-BA84-31412E41790D}.Debug|x64.Build.0 = Debug|Any CPU
		{05F83C2F-E591-4443-BA84-31412E41790D}.Debug|x86.ActiveCfg = Debug|Any CPU
		{05F83C2F-E591-4443-BA84-31412E41790D}.Debug|x86.Build.0 = Debug|Any CPU
		{05F83C2F-E591-4443-BA84-31412E41790D}.Release|Any CPU.ActiveCfg = Release|Any CPU
		{05F83C2F-E591-4443-BA84-31412E41790D}.Release|Any CPU.Build.0 = Release|Any CPU
		{05F83C2F-E591-4443-BA84-31412E41790D}.Release|x64.ActiveCfg = Release|Any CPU
		{05F83C2F-E591-4443-BA84-31412E41790D}.Release|x64.Build.0 = Release|Any CPU
		{05F83C2F-E591-4443-BA84-31412E41790D}.Release|x86.ActiveCfg = Release|Any CPU
		{05F83C2F-E591-4443-BA84-31412E41790D}.Release|x86.Build.0 = Release|Any CPU
		{A2D97B54-884C-46CA-BB42-9F87D5AA0A87}.Debug|Any CPU.ActiveCfg = Debug|Any CPU
		{A2D97B54-884C-46CA-BB42-9F87D5AA0A87}.Debug|Any CPU.Build.0 = Debug|Any CPU
		{A2D97B54-884C-46CA-BB42-9F87D5AA0A87}.Debug|x64.ActiveCfg = Debug|Any CPU
		{A2D97B54-884C-46CA-BB42-9F87D5AA0A87}.Debug|x64.Build.0 = Debug|Any CPU
		{A2D97B54-884C-46CA-BB42-9F87D5AA0A87}.Debug|x86.ActiveCfg = Debug|Any CPU
		{A2D97B54-884C-46CA-BB42-9F87D5AA0A87}.Debug|x86.Build.0 = Debug|Any CPU
		{A2D97B54-884C-46CA-BB42-9F87D5AA0A87}.Release|Any CPU.ActiveCfg = Release|Any CPU
		{A2D97B54-884C-46CA-BB42-9F87D5AA0A87}.Release|Any CPU.Build.0 = Release|Any CPU
		{A2D97B54-884C-46CA-BB42-9F87D5AA0A87}.Release|x64.ActiveCfg = Release|Any CPU
		{A2D97B54-884C-46CA-BB42-9F87D5AA0A87}.Release|x64.Build.0 = Release|Any CPU
		{A2D97B54-884C-46CA-BB42-9F87D5AA0A87}.Release|x86.ActiveCfg = Release|Any CPU
		{A2D97B54-884C-46CA-BB42-9F87D5AA0A87}.Release|x86.Build.0 = Release|Any CPU
		{BC3C945E-0AB5-4039-B6D9-43A265CC703A}.Debug|Any CPU.ActiveCfg = Debug|Any CPU
		{BC3C945E-0AB5-4039-B6D9-43A265CC703A}.Debug|Any CPU.Build.0 = Debug|Any CPU
		{BC3C945E-0AB5-4039-B6D9-43A265CC703A}.Debug|x64.ActiveCfg = Debug|Any CPU
		{BC3C945E-0AB5-4039-B6D9-43A265CC703A}.Debug|x64.Build.0 = Debug|Any CPU
		{BC3C945E-0AB5-4039-B6D9-43A265CC703A}.Debug|x86.ActiveCfg = Debug|Any CPU
		{BC3C945E-0AB5-4039-B6D9-43A265CC703A}.Debug|x86.Build.0 = Debug|Any CPU
		{BC3C945E-0AB5-4039-B6D9-43A265CC703A}.Release|Any CPU.ActiveCfg = Release|Any CPU
		{BC3C945E-0AB5-4039-B6D9-43A265CC703A}.Release|Any CPU.Build.0 = Release|Any CPU
		{BC3C945E-0AB5-4039-B6D9-43A265CC703A}.Release|x64.ActiveCfg = Release|Any CPU
		{BC3C945E-0AB5-4039-B6D9-43A265CC703A}.Release|x64.Build.0 = Release|Any CPU
		{BC3C945E-0AB5-4039-B6D9-43A265CC703A}.Release|x86.ActiveCfg = Release|Any CPU
		{BC3C945E-0AB5-4039-B6D9-43A265CC703A}.Release|x86.Build.0 = Release|Any CPU
		{CB766958-8D07-4E2D-8A38-C21617B1C45D}.Debug|Any CPU.ActiveCfg = Debug|Any CPU
		{CB766958-8D07-4E2D-8A38-C21617B1C45D}.Debug|Any CPU.Build.0 = Debug|Any CPU
		{CB766958-8D07-4E2D-8A38-C21617B1C45D}.Debug|x64.ActiveCfg = Debug|Any CPU
		{CB766958-8D07-4E2D-8A38-C21617B1C45D}.Debug|x64.Build.0 = Debug|Any CPU
		{CB766958-8D07-4E2D-8A38-C21617B1C45D}.Debug|x86.ActiveCfg = Debug|Any CPU
		{CB766958-8D07-4E2D-8A38-C21617B1C45D}.Debug|x86.Build.0 = Debug|Any CPU
		{CB766958-8D07-4E2D-8A38-C21617B1C45D}.Release|Any CPU.ActiveCfg = Release|Any CPU
		{CB766958-8D07-4E2D-8A38-C21617B1C45D}.Release|Any CPU.Build.0 = Release|Any CPU
		{CB766958-8D07-4E2D-8A38-C21617B1C45D}.Release|x64.ActiveCfg = Release|Any CPU
		{CB766958-8D07-4E2D-8A38-C21617B1C45D}.Release|x64.Build.0 = Release|Any CPU
		{CB766958-8D07-4E2D-8A38-C21617B1C45D}.Release|x86.ActiveCfg = Release|Any CPU
		{CB766958-8D07-4E2D-8A38-C21617B1C45D}.Release|x86.Build.0 = Release|Any CPU
		{3E4B6896-269F-4129-9746-965338779C31}.Debug|Any CPU.ActiveCfg = Debug|Any CPU
		{3E4B6896-269F-4129-9746-965338779C31}.Debug|Any CPU.Build.0 = Debug|Any CPU
		{3E4B6896-269F-4129-9746-965338779C31}.Debug|x64.ActiveCfg = Debug|Any CPU
		{3E4B6896-269F-4129-9746-965338779C31}.Debug|x64.Build.0 = Debug|Any CPU
		{3E4B6896-269F-4129-9746-965338779C31}.Debug|x86.ActiveCfg = Debug|Any CPU
		{3E4B6896-269F-4129-9746-965338779C31}.Debug|x86.Build.0 = Debug|Any CPU
		{3E4B6896-269F-4129-9746-965338779C31}.Release|Any CPU.ActiveCfg = Release|Any CPU
		{3E4B6896-269F-4129-9746-965338779C31}.Release|Any CPU.Build.0 = Release|Any CPU
		{3E4B6896-269F-4129-9746-965338779C31}.Release|x64.ActiveCfg = Release|Any CPU
		{3E4B6896-269F-4129-9746-965338779C31}.Release|x64.Build.0 = Release|Any CPU
		{3E4B6896-269F-4129-9746-965338779C31}.Release|x86.ActiveCfg = Release|Any CPU
		{3E4B6896-269F-4129-9746-965338779C31}.Release|x86.Build.0 = Release|Any CPU
		{E7D186F7-B2BC-451D-98CC-427866CABE54}.Debug|Any CPU.ActiveCfg = Debug|Win32
		{E7D186F7-B2BC-451D-98CC-427866CABE54}.Debug|x64.ActiveCfg = Debug|x64
		{E7D186F7-B2BC-451D-98CC-427866CABE54}.Debug|x64.Build.0 = Debug|x64
		{E7D186F7-B2BC-451D-98CC-427866CABE54}.Debug|x86.ActiveCfg = Debug|Win32
		{E7D186F7-B2BC-451D-98CC-427866CABE54}.Debug|x86.Build.0 = Debug|Win32
		{E7D186F7-B2BC-451D-98CC-427866CABE54}.Release|Any CPU.ActiveCfg = Release|Win32
		{E7D186F7-B2BC-451D-98CC-427866CABE54}.Release|x64.ActiveCfg = Release|x64
		{E7D186F7-B2BC-451D-98CC-427866CABE54}.Release|x64.Build.0 = Release|x64
		{E7D186F7-B2BC-451D-98CC-427866CABE54}.Release|x86.ActiveCfg = Release|Win32
		{E7D186F7-B2BC-451D-98CC-427866CABE54}.Release|x86.Build.0 = Release|Win32
		{40483E28-C703-4933-BA5B-9512EF6E6A21}.Debug|Any CPU.ActiveCfg = Debug|x64
		{40483E28-C703-4933-BA5B-9512EF6E6A21}.Debug|Any CPU.Build.0 = Debug|x64
		{40483E28-C703-4933-BA5B-9512EF6E6A21}.Debug|x64.ActiveCfg = Debug|x64
		{40483E28-C703-4933-BA5B-9512EF6E6A21}.Debug|x64.Build.0 = Debug|x64
		{40483E28-C703-4933-BA5B-9512EF6E6A21}.Debug|x86.ActiveCfg = Debug|Win32
		{40483E28-C703-4933-BA5B-9512EF6E6A21}.Debug|x86.Build.0 = Debug|Win32
		{40483E28-C703-4933-BA5B-9512EF6E6A21}.Release|Any CPU.ActiveCfg = Release|x64
		{40483E28-C703-4933-BA5B-9512EF6E6A21}.Release|Any CPU.Build.0 = Release|x64
		{40483E28-C703-4933-BA5B-9512EF6E6A21}.Release|x64.ActiveCfg = Release|x64
		{40483E28-C703-4933-BA5B-9512EF6E6A21}.Release|x64.Build.0 = Release|x64
		{40483E28-C703-4933-BA5B-9512EF6E6A21}.Release|x86.ActiveCfg = Release|Win32
		{40483E28-C703-4933-BA5B-9512EF6E6A21}.Release|x86.Build.0 = Release|Win32
		{CF6A7E02-37DC-4963-AC14-76D74ADCD87A}.Debug|Any CPU.ActiveCfg = Debug|Any CPU
		{CF6A7E02-37DC-4963-AC14-76D74ADCD87A}.Debug|Any CPU.Build.0 = Debug|Any CPU
		{CF6A7E02-37DC-4963-AC14-76D74ADCD87A}.Debug|x64.ActiveCfg = Debug|Any CPU
		{CF6A7E02-37DC-4963-AC14-76D74ADCD87A}.Debug|x64.Build.0 = Debug|Any CPU
		{CF6A7E02-37DC-4963-AC14-76D74ADCD87A}.Debug|x86.ActiveCfg = Debug|Any CPU
		{CF6A7E02-37DC-4963-AC14-76D74ADCD87A}.Debug|x86.Build.0 = Debug|Any CPU
		{CF6A7E02-37DC-4963-AC14-76D74ADCD87A}.Release|Any CPU.ActiveCfg = Release|Any CPU
		{CF6A7E02-37DC-4963-AC14-76D74ADCD87A}.Release|Any CPU.Build.0 = Release|Any CPU
		{CF6A7E02-37DC-4963-AC14-76D74ADCD87A}.Release|x64.ActiveCfg = Release|Any CPU
		{CF6A7E02-37DC-4963-AC14-76D74ADCD87A}.Release|x64.Build.0 = Release|Any CPU
		{CF6A7E02-37DC-4963-AC14-76D74ADCD87A}.Release|x86.ActiveCfg = Release|Any CPU
		{CF6A7E02-37DC-4963-AC14-76D74ADCD87A}.Release|x86.Build.0 = Release|Any CPU
		{2D1DF5DA-7367-4490-B3F0-B996348E150B}.Debug|Any CPU.ActiveCfg = Debug|Any CPU
		{2D1DF5DA-7367-4490-B3F0-B996348E150B}.Debug|Any CPU.Build.0 = Debug|Any CPU
		{2D1DF5DA-7367-4490-B3F0-B996348E150B}.Debug|x64.ActiveCfg = Debug|Any CPU
		{2D1DF5DA-7367-4490-B3F0-B996348E150B}.Debug|x64.Build.0 = Debug|Any CPU
		{2D1DF5DA-7367-4490-B3F0-B996348E150B}.Debug|x86.ActiveCfg = Debug|Any CPU
		{2D1DF5DA-7367-4490-B3F0-B996348E150B}.Debug|x86.Build.0 = Debug|Any CPU
		{2D1DF5DA-7367-4490-B3F0-B996348E150B}.Release|Any CPU.ActiveCfg = Release|Any CPU
		{2D1DF5DA-7367-4490-B3F0-B996348E150B}.Release|Any CPU.Build.0 = Release|Any CPU
		{2D1DF5DA-7367-4490-B3F0-B996348E150B}.Release|x64.ActiveCfg = Release|Any CPU
		{2D1DF5DA-7367-4490-B3F0-B996348E150B}.Release|x64.Build.0 = Release|Any CPU
		{2D1DF5DA-7367-4490-B3F0-B996348E150B}.Release|x86.ActiveCfg = Release|Any CPU
		{2D1DF5DA-7367-4490-B3F0-B996348E150B}.Release|x86.Build.0 = Release|Any CPU
		{C089D0AB-B428-4136-89CC-7974CB590513}.Debug|Any CPU.ActiveCfg = Debug|Any CPU
		{C089D0AB-B428-4136-89CC-7974CB590513}.Debug|Any CPU.Build.0 = Debug|Any CPU
		{C089D0AB-B428-4136-89CC-7974CB590513}.Debug|x64.ActiveCfg = Debug|Any CPU
		{C089D0AB-B428-4136-89CC-7974CB590513}.Debug|x64.Build.0 = Debug|Any CPU
		{C089D0AB-B428-4136-89CC-7974CB590513}.Debug|x86.ActiveCfg = Debug|Any CPU
		{C089D0AB-B428-4136-89CC-7974CB590513}.Debug|x86.Build.0 = Debug|Any CPU
		{C089D0AB-B428-4136-89CC-7974CB590513}.Release|Any CPU.ActiveCfg = Release|Any CPU
		{C089D0AB-B428-4136-89CC-7974CB590513}.Release|Any CPU.Build.0 = Release|Any CPU
		{C089D0AB-B428-4136-89CC-7974CB590513}.Release|x64.ActiveCfg = Release|Any CPU
		{C089D0AB-B428-4136-89CC-7974CB590513}.Release|x64.Build.0 = Release|Any CPU
		{C089D0AB-B428-4136-89CC-7974CB590513}.Release|x86.ActiveCfg = Release|Any CPU
		{C089D0AB-B428-4136-89CC-7974CB590513}.Release|x86.Build.0 = Release|Any CPU
		{62420213-67AD-40FC-B451-BD05C2437CE3}.Debug|Any CPU.ActiveCfg = Debug|Any CPU
		{62420213-67AD-40FC-B451-BD05C2437CE3}.Debug|Any CPU.Build.0 = Debug|Any CPU
		{62420213-67AD-40FC-B451-BD05C2437CE3}.Debug|x64.ActiveCfg = Debug|Any CPU
		{62420213-67AD-40FC-B451-BD05C2437CE3}.Debug|x64.Build.0 = Debug|Any CPU
		{62420213-67AD-40FC-B451-BD05C2437CE3}.Debug|x86.ActiveCfg = Debug|Any CPU
		{62420213-67AD-40FC-B451-BD05C2437CE3}.Debug|x86.Build.0 = Debug|Any CPU
		{62420213-67AD-40FC-B451-BD05C2437CE3}.Release|Any CPU.ActiveCfg = Release|Any CPU
		{62420213-67AD-40FC-B451-BD05C2437CE3}.Release|Any CPU.Build.0 = Release|Any CPU
		{62420213-67AD-40FC-B451-BD05C2437CE3}.Release|x64.ActiveCfg = Release|Any CPU
		{62420213-67AD-40FC-B451-BD05C2437CE3}.Release|x64.Build.0 = Release|Any CPU
		{62420213-67AD-40FC-B451-BD05C2437CE3}.Release|x86.ActiveCfg = Release|Any CPU
		{62420213-67AD-40FC-B451-BD05C2437CE3}.Release|x86.Build.0 = Release|Any CPU
	EndGlobalSection
	GlobalSection(SolutionProperties) = preSolution
		HideSolutionNode = FALSE
	EndGlobalSection
	GlobalSection(NestedProjects) = preSolution
		{4EA3F800-1A1B-4465-931F-4E9949C3373B} = {34A95168-A162-4F6A-803B-B6F221FE9EA6}
		{7609C0D1-B65C-4C12-B520-EAF611B0E68F} = {786C1732-8C96-45DD-97BB-639C9AA7F45B}
		{89F2A014-E503-4328-9601-6D93B9E221D8} = {34A95168-A162-4F6A-803B-B6F221FE9EA6}
		{239BD2AF-D7CF-44C5-BF56-09913166710E} = {786C1732-8C96-45DD-97BB-639C9AA7F45B}
		{7919C544-023E-4617-A41C-27A69DB397DE} = {786C1732-8C96-45DD-97BB-639C9AA7F45B}
		{B3AF102B-ABE1-41B2-AE48-C40702F45AB0} = {7919C544-023E-4617-A41C-27A69DB397DE}
		{856EEF27-8430-4360-9E4C-F923AF142D23} = {B3AF102B-ABE1-41B2-AE48-C40702F45AB0}
		{4BCE8E05-9A72-4C7C-8A4C-130133F4FC56} = {34A95168-A162-4F6A-803B-B6F221FE9EA6}
		{EA971BB0-94BA-44DB-B16C-212D2DB27E17} = {7919C544-023E-4617-A41C-27A69DB397DE}
		{6F5D18B2-8536-452E-83C4-4FE594E5A37F} = {786C1732-8C96-45DD-97BB-639C9AA7F45B}
		{194CD932-0C63-47AA-ABA0-1B5E8328033E} = {EA971BB0-94BA-44DB-B16C-212D2DB27E17}
		{A09E7AE7-34E0-476A-8A3D-188FCAD1BD90} = {34A95168-A162-4F6A-803B-B6F221FE9EA6}
		{D35B7FB9-F1B2-4963-9D56-B7A7B2EF3198} = {786C1732-8C96-45DD-97BB-639C9AA7F45B}
		{7FB01382-5454-4AC4-A2C2-CAF62A2B21E7} = {B3AF102B-ABE1-41B2-AE48-C40702F45AB0}
		{A95F1D67-462E-4F6A-96C5-20739405932B} = {B3AF102B-ABE1-41B2-AE48-C40702F45AB0}
		{055C0598-6C29-4897-9708-E1D7157AD2F3} = {B3AF102B-ABE1-41B2-AE48-C40702F45AB0}
		{BA7C370B-8C77-44C4-B02E-2400BAE3D40E} = {B3AF102B-ABE1-41B2-AE48-C40702F45AB0}
		{99E54926-E205-4F7F-AC95-53D178876CDD} = {B3AF102B-ABE1-41B2-AE48-C40702F45AB0}
		{724C24F9-0F49-41CF-A4FE-1F5A79C72693} = {B3AF102B-ABE1-41B2-AE48-C40702F45AB0}
		{8C51B143-CE13-47C9-AC7D-700013965888} = {B3AF102B-ABE1-41B2-AE48-C40702F45AB0}
		{18AD5344-262D-430F-B380-78ED35F97460} = {B3AF102B-ABE1-41B2-AE48-C40702F45AB0}
		{E56DE12B-7880-4344-B98B-0545686D44EB} = {B3AF102B-ABE1-41B2-AE48-C40702F45AB0}
		{4197C9D4-A5F1-473F-8EB8-29CC5663D212} = {B3AF102B-ABE1-41B2-AE48-C40702F45AB0}
		{05F83C2F-E591-4443-BA84-31412E41790D} = {34A95168-A162-4F6A-803B-B6F221FE9EA6}
		{A2D97B54-884C-46CA-BB42-9F87D5AA0A87} = {786C1732-8C96-45DD-97BB-639C9AA7F45B}
		{BC3C945E-0AB5-4039-B6D9-43A265CC703A} = {B3AF102B-ABE1-41B2-AE48-C40702F45AB0}
		{CB766958-8D07-4E2D-8A38-C21617B1C45D} = {786C1732-8C96-45DD-97BB-639C9AA7F45B}
		{3E4B6896-269F-4129-9746-965338779C31} = {0D04B5DF-8D16-488F-8767-E49803D3AF46}
		{E7D186F7-B2BC-451D-98CC-427866CABE54} = {EA971BB0-94BA-44DB-B16C-212D2DB27E17}
		{40483E28-C703-4933-BA5B-9512EF6E6A21} = {EA971BB0-94BA-44DB-B16C-212D2DB27E17}
		{CF6A7E02-37DC-4963-AC14-76D74ADCD87A} = {B3AF102B-ABE1-41B2-AE48-C40702F45AB0}
		{2D1DF5DA-7367-4490-B3F0-B996348E150B} = {B3AF102B-ABE1-41B2-AE48-C40702F45AB0}
		{C089D0AB-B428-4136-89CC-7974CB590513} = {786C1732-8C96-45DD-97BB-639C9AA7F45B}
		{62420213-67AD-40FC-B451-BD05C2437CE3} = {34A95168-A162-4F6A-803B-B6F221FE9EA6}
	EndGlobalSection
	GlobalSection(ExtensibilityGlobals) = postSolution
		SolutionGuid = {3302AC79-6D23-4E7D-8C5F-C0C7261044D0}
	EndGlobalSection
EndGlobal
