
Microsoft Visual Studio Solution File, Format Version 12.00
# Visual Studio 2012
Project("{FAE04EC0-301F-11D3-BF4B-00C04F79EFBC}") = "TUP.AsmResolver", "TUP.AsmResolver\TUP.AsmResolver.csproj", "{B1C33316-7181-4C94-A6D4-7C66CA02808D}"
EndProject
Project("{8BC9CEB8-8B4A-11D0-8D11-00A0C91BC942}") = "TestConsoleApplication", "TestConsoleApplication\TestConsoleApplication.vcxproj", "{BD85A1C4-2F22-4DD4-8AEE-81ACA64346BE}"
EndProject
Project("{FAE04EC0-301F-11D3-BF4B-00C04F79EFBC}") = "AsmResolver", "AsmResolver\AsmResolver.csproj", "{297679AF-68EE-4C15-89F5-8D24CA878911}"
EndProject
Global
	GlobalSection(SolutionConfigurationPlatforms) = preSolution
		Debug|Any CPU = Debug|Any CPU
		Debug|Mixed Platforms = Debug|Mixed Platforms
		Debug|Win32 = Debug|Win32
		Debug|x86 = Debug|x86
		Release|Any CPU = Release|Any CPU
		Release|Mixed Platforms = Release|Mixed Platforms
		Release|Win32 = Release|Win32
		Release|x86 = Release|x86
	EndGlobalSection
	GlobalSection(ProjectConfigurationPlatforms) = postSolution
		{B1C33316-7181-4C94-A6D4-7C66CA02808D}.Debug|Any CPU.ActiveCfg = Debug|Any CPU
		{B1C33316-7181-4C94-A6D4-7C66CA02808D}.Debug|Any CPU.Build.0 = Debug|Any CPU
		{B1C33316-7181-4C94-A6D4-7C66CA02808D}.Debug|Mixed Platforms.ActiveCfg = Debug|Any CPU
		{B1C33316-7181-4C94-A6D4-7C66CA02808D}.Debug|Mixed Platforms.Build.0 = Debug|Any CPU
		{B1C33316-7181-4C94-A6D4-7C66CA02808D}.Debug|Win32.ActiveCfg = Debug|Any CPU
		{B1C33316-7181-4C94-A6D4-7C66CA02808D}.Debug|x86.ActiveCfg = Debug|Any CPU
		{B1C33316-7181-4C94-A6D4-7C66CA02808D}.Release|Any CPU.ActiveCfg = Release|Any CPU
		{B1C33316-7181-4C94-A6D4-7C66CA02808D}.Release|Any CPU.Build.0 = Release|Any CPU
		{B1C33316-7181-4C94-A6D4-7C66CA02808D}.Release|Mixed Platforms.ActiveCfg = Release|Any CPU
		{B1C33316-7181-4C94-A6D4-7C66CA02808D}.Release|Mixed Platforms.Build.0 = Release|Any CPU
		{B1C33316-7181-4C94-A6D4-7C66CA02808D}.Release|Win32.ActiveCfg = Release|Any CPU
		{B1C33316-7181-4C94-A6D4-7C66CA02808D}.Release|x86.ActiveCfg = Release|Any CPU
		{BD85A1C4-2F22-4DD4-8AEE-81ACA64346BE}.Debug|Any CPU.ActiveCfg = Debug|Win32
		{BD85A1C4-2F22-4DD4-8AEE-81ACA64346BE}.Debug|Mixed Platforms.ActiveCfg = Debug|Win32
		{BD85A1C4-2F22-4DD4-8AEE-81ACA64346BE}.Debug|Mixed Platforms.Build.0 = Debug|Win32
		{BD85A1C4-2F22-4DD4-8AEE-81ACA64346BE}.Debug|Win32.ActiveCfg = Debug|Win32
		{BD85A1C4-2F22-4DD4-8AEE-81ACA64346BE}.Debug|Win32.Build.0 = Debug|Win32
		{BD85A1C4-2F22-4DD4-8AEE-81ACA64346BE}.Debug|x86.ActiveCfg = Debug|Win32
		{BD85A1C4-2F22-4DD4-8AEE-81ACA64346BE}.Debug|x86.Build.0 = Debug|Win32
		{BD85A1C4-2F22-4DD4-8AEE-81ACA64346BE}.Release|Any CPU.ActiveCfg = Release|Win32
		{BD85A1C4-2F22-4DD4-8AEE-81ACA64346BE}.Release|Mixed Platforms.ActiveCfg = Release|Win32
		{BD85A1C4-2F22-4DD4-8AEE-81ACA64346BE}.Release|Mixed Platforms.Build.0 = Release|Win32
		{BD85A1C4-2F22-4DD4-8AEE-81ACA64346BE}.Release|Win32.ActiveCfg = Release|Win32
		{BD85A1C4-2F22-4DD4-8AEE-81ACA64346BE}.Release|Win32.Build.0 = Release|Win32
		{BD85A1C4-2F22-4DD4-8AEE-81ACA64346BE}.Release|x86.ActiveCfg = Release|Win32
		{BD85A1C4-2F22-4DD4-8AEE-81ACA64346BE}.Release|x86.Build.0 = Release|Win32
		{297679AF-68EE-4C15-89F5-8D24CA878911}.Debug|Any CPU.ActiveCfg = Debug|Any CPU
		{297679AF-68EE-4C15-89F5-8D24CA878911}.Debug|Any CPU.Build.0 = Debug|Any CPU
		{297679AF-68EE-4C15-89F5-8D24CA878911}.Debug|Mixed Platforms.ActiveCfg = Debug|Any CPU
		{297679AF-68EE-4C15-89F5-8D24CA878911}.Debug|Mixed Platforms.Build.0 = Debug|Any CPU
		{297679AF-68EE-4C15-89F5-8D24CA878911}.Debug|Win32.ActiveCfg = Debug|Any CPU
		{297679AF-68EE-4C15-89F5-8D24CA878911}.Debug|x86.ActiveCfg = Debug|Any CPU
		{297679AF-68EE-4C15-89F5-8D24CA878911}.Release|Any CPU.ActiveCfg = Release|Any CPU
		{297679AF-68EE-4C15-89F5-8D24CA878911}.Release|Any CPU.Build.0 = Release|Any CPU
		{297679AF-68EE-4C15-89F5-8D24CA878911}.Release|Mixed Platforms.ActiveCfg = Release|Any CPU
		{297679AF-68EE-4C15-89F5-8D24CA878911}.Release|Mixed Platforms.Build.0 = Release|Any CPU
		{297679AF-68EE-4C15-89F5-8D24CA878911}.Release|Win32.ActiveCfg = Release|Any CPU
		{297679AF-68EE-4C15-89F5-8D24CA878911}.Release|x86.ActiveCfg = Release|Any CPU
	EndGlobalSection
	GlobalSection(SolutionProperties) = preSolution
		HideSolutionNode = FALSE
	EndGlobalSection
EndGlobal
